
Microsoft Visual Studio Solution File, Format Version 12.00
# Visual Studio 14
VisualStudioVersion = 14.0.25420.1
MinimumVisualStudioVersion = 10.0.40219.1
Project("{2150E333-8FDC-42A3-9474-1A3956D46DE8}") = "dependence", "dependence", "{D09802E0-0EEC-4BD0-98C5-8DA7365AA4D6}"
EndProject
Project("{2150E333-8FDC-42A3-9474-1A3956D46DE8}") = "luna", "luna", "{BD299411-4C79-454E-AC79-A0A716A3203B}"
EndProject
Project("{8BC9CEB8-8B4A-11D0-8D11-00A0C91BC942}") = "EngineDemo", "EngineDemo\EngineDemo.vcxproj", "{17ACBE69-2760-4BBB-9145-854C1180A889}"
EndProject
Project("{8BC9CEB8-8B4A-11D0-8D11-00A0C91BC942}") = "maxProject1", "maxProject1\maxProject1.vcxproj", "{E7CB76AA-6113-46BA-8EBC-8AE1D2B81210}"
EndProject
Project("{8BC9CEB8-8B4A-11D0-8D11-00A0C91BC942}") = "freetype", "freetype-2.1.9\builds\win32\visualc\freetype.vcxproj", "{D0087BEB-3E7B-4004-BD4A-E4D071CF8D92}"
EndProject
Project("{8BC9CEB8-8B4A-11D0-8D11-00A0C91BC942}") = "lunaengine", "lunaengine\lunaengine.vcxproj", "{B0E65BCB-863E-42C4-9043-B48264DE4ACA}"
EndProject
Project("{8BC9CEB8-8B4A-11D0-8D11-00A0C91BC942}") = "compileFx", "compileFx\compileFx.vcxproj", "{CA6C5477-43F6-4EC9-A1BA-07FB9B4C2762}"
EndProject
Project("{8BC9CEB8-8B4A-11D0-8D11-00A0C91BC942}") = "FreeImage", "FreeImage\FreeImage.2008.vcxproj", "{B39ED2B3-D53A-4077-B957-930979A3577D}"
EndProject
Project("{8BC9CEB8-8B4A-11D0-8D11-00A0C91BC942}") = "LibJPEG", "FreeImage\Source\LibJPEG\LibJPEG.2008.vcxproj", "{5E1D4E5F-E10C-4BA3-B663-F33014FD21D9}"
EndProject
Project("{8BC9CEB8-8B4A-11D0-8D11-00A0C91BC942}") = "LibMNG", "FreeImage\Source\LibMNG\LibMNG.2008.vcxproj", "{912A2D43-35A3-4AF2-B2EB-0D81EFFDA6DC}"
EndProject
Project("{8BC9CEB8-8B4A-11D0-8D11-00A0C91BC942}") = "LibOpenJPEG", "FreeImage\Source\LibOpenJPEG\LibOpenJPEG.2008.vcxproj", "{E3536C28-A7F1-4B53-8E52-7D2232F9E098}"
EndProject
Project("{8BC9CEB8-8B4A-11D0-8D11-00A0C91BC942}") = "LibPNG", "FreeImage\Source\LibPNG\LibPNG.2008.vcxproj", "{7DB10B50-CE00-4D7A-B322-6824F05D2FCB}"
EndProject
Project("{8BC9CEB8-8B4A-11D0-8D11-00A0C91BC942}") = "LibRaw", "FreeImage\Source\LibRawLite\LibRawLite.2008.vcxproj", "{07F662C1-1323-42AB-B6AF-FBFD34A7437A}"
EndProject
Project("{8BC9CEB8-8B4A-11D0-8D11-00A0C91BC942}") = "LibTIFF", "FreeImage\Source\LibTIFF\LibTIFF.2008.vcxproj", "{431E3F3F-7C4D-430A-B8F1-4F165DB64EDC}"
EndProject
Project("{8BC9CEB8-8B4A-11D0-8D11-00A0C91BC942}") = "OpenEXR", "FreeImage\Source\OpenEXR\OpenEXR.2008.vcxproj", "{17A4874B-0606-4687-90B6-F91F8CB3B8AF}"
EndProject
Project("{2150E333-8FDC-42A3-9474-1A3956D46DE8}") = "tools", "tools", "{62BA403B-53FA-4460-98FF-386271CDB465}"
EndProject
Project("{2150E333-8FDC-42A3-9474-1A3956D46DE8}") = "example", "example", "{3C4C0C99-1B93-4B36-9D93-E1D5412B90B3}"
EndProject
Project("{8BC9CEB8-8B4A-11D0-8D11-00A0C91BC942}") = "LibDDSTextureLoader", "LibDDSTextureLoader\LibDDSTextureLoader.vcxproj", "{3FD09A6A-DFF3-49F8-9E6A-243337CA1CB5}"
EndProject
Project("{2150E333-8FDC-42A3-9474-1A3956D46DE8}") = "sun_dependence", "sun_dependence", "{DC269A06-1394-49F3-B4CA-2148704339EE}"
EndProject
Project("{2150E333-8FDC-42A3-9474-1A3956D46DE8}") = "sun", "sun", "{6B5F83BC-B05E-4BD1-ACD0-535FF9A4BD3C}"
EndProject
Project("{8BC9CEB8-8B4A-11D0-8D11-00A0C91BC942}") = "lua5.1_lib", "..\tSun\trunk\src\lua\mak.vs2008\lua5.1_lib.vcxproj", "{026B2C9F-6D29-4931-A116-FDE55CF84F44}"
EndProject
Project("{8BC9CEB8-8B4A-11D0-8D11-00A0C91BC942}") = "ZLib", "..\tSun\trunk\src\ZLib\ZLib.2008.vcxproj", "{F1FFFB47-2F92-44C0-AEC3-7334A12315BF}"
EndProject
Project("{8BC9CEB8-8B4A-11D0-8D11-00A0C91BC942}") = "SunBase", "..\tSun\trunk\src\SunBase\SunBase.vcxproj", "{8785C02F-C8C9-43B8-B300-B64DF8032C88}"
EndProject
Project("{8BC9CEB8-8B4A-11D0-8D11-00A0C91BC942}") = "SunMath", "..\tSun\trunk\src\SunMath\SunMath.vcxproj", "{A32B6BB3-4A3B-415E-A035-B466C42AC498}"
EndProject
Project("{8BC9CEB8-8B4A-11D0-8D11-00A0C91BC942}") = "SunUtils", "..\tSun\trunk\src\SunUtils\SunUtils.vcxproj", "{2EB3990F-5710-4ACF-B5F8-B3D48F10CD73}"
EndProject
Project("{8BC9CEB8-8B4A-11D0-8D11-00A0C91BC942}") = "tinyxml", "..\tSun\trunk\src\tinyxml\tinyxml_lib.vcxproj", "{C406DAEC-0886-4771-8DEA-9D7329B46CC1}"
EndProject
Global
	GlobalSection(SolutionConfigurationPlatforms) = preSolution
		Debug|Win32 = Debug|Win32
		Debug|x64 = Debug|x64
		ICU Debug|Win32 = ICU Debug|Win32
		ICU Debug|x64 = ICU Debug|x64
		ICU Release|Win32 = ICU Release|Win32
		ICU Release|x64 = ICU Release|x64
		Release|Win32 = Release|Win32
		Release|x64 = Release|x64
		Static Debug|Win32 = Static Debug|Win32
		Static Debug|x64 = Static Debug|x64
		Static Release|Win32 = Static Release|Win32
		Static Release|x64 = Static Release|x64
		Template|Win32 = Template|Win32
		Template|x64 = Template|x64
	EndGlobalSection
	GlobalSection(ProjectConfigurationPlatforms) = postSolution
		{17ACBE69-2760-4BBB-9145-854C1180A889}.Debug|Win32.ActiveCfg = Debug|Win32
		{17ACBE69-2760-4BBB-9145-854C1180A889}.Debug|Win32.Build.0 = Debug|Win32
		{17ACBE69-2760-4BBB-9145-854C1180A889}.Debug|x64.ActiveCfg = Debug|x64
		{17ACBE69-2760-4BBB-9145-854C1180A889}.Debug|x64.Build.0 = Debug|x64
		{17ACBE69-2760-4BBB-9145-854C1180A889}.ICU Debug|Win32.ActiveCfg = Debug|Win32
		{17ACBE69-2760-4BBB-9145-854C1180A889}.ICU Debug|Win32.Build.0 = Debug|Win32
		{17ACBE69-2760-4BBB-9145-854C1180A889}.ICU Debug|x64.ActiveCfg = Debug|Win32
		{17ACBE69-2760-4BBB-9145-854C1180A889}.ICU Release|Win32.ActiveCfg = Release|Win32
		{17ACBE69-2760-4BBB-9145-854C1180A889}.ICU Release|Win32.Build.0 = Release|Win32
		{17ACBE69-2760-4BBB-9145-854C1180A889}.ICU Release|x64.ActiveCfg = Release|Win32
		{17ACBE69-2760-4BBB-9145-854C1180A889}.Release|Win32.ActiveCfg = Release|Win32
		{17ACBE69-2760-4BBB-9145-854C1180A889}.Release|Win32.Build.0 = Release|Win32
		{17ACBE69-2760-4BBB-9145-854C1180A889}.Release|x64.ActiveCfg = Release|x64
		{17ACBE69-2760-4BBB-9145-854C1180A889}.Release|x64.Build.0 = Release|x64
		{17ACBE69-2760-4BBB-9145-854C1180A889}.Static Debug|Win32.ActiveCfg = Debug|Win32
		{17ACBE69-2760-4BBB-9145-854C1180A889}.Static Debug|Win32.Build.0 = Debug|Win32
		{17ACBE69-2760-4BBB-9145-854C1180A889}.Static Debug|x64.ActiveCfg = Debug|Win32
		{17ACBE69-2760-4BBB-9145-854C1180A889}.Static Release|Win32.ActiveCfg = Release|Win32
		{17ACBE69-2760-4BBB-9145-854C1180A889}.Static Release|Win32.Build.0 = Release|Win32
		{17ACBE69-2760-4BBB-9145-854C1180A889}.Static Release|x64.ActiveCfg = Release|Win32
		{17ACBE69-2760-4BBB-9145-854C1180A889}.Template|Win32.ActiveCfg = Release|Win32
		{17ACBE69-2760-4BBB-9145-854C1180A889}.Template|Win32.Build.0 = Release|Win32
		{17ACBE69-2760-4BBB-9145-854C1180A889}.Template|x64.ActiveCfg = Release|Win32
		{E7CB76AA-6113-46BA-8EBC-8AE1D2B81210}.Debug|Win32.ActiveCfg = Debug|x64
		{E7CB76AA-6113-46BA-8EBC-8AE1D2B81210}.Debug|Win32.Build.0 = Debug|x64
		{E7CB76AA-6113-46BA-8EBC-8AE1D2B81210}.Debug|x64.ActiveCfg = Debug|x64
		{E7CB76AA-6113-46BA-8EBC-8AE1D2B81210}.Debug|x64.Build.0 = Debug|x64
		{E7CB76AA-6113-46BA-8EBC-8AE1D2B81210}.ICU Debug|Win32.ActiveCfg = Debug|Win32
		{E7CB76AA-6113-46BA-8EBC-8AE1D2B81210}.ICU Debug|Win32.Build.0 = Debug|Win32
		{E7CB76AA-6113-46BA-8EBC-8AE1D2B81210}.ICU Debug|x64.ActiveCfg = Debug|x64
		{E7CB76AA-6113-46BA-8EBC-8AE1D2B81210}.ICU Debug|x64.Build.0 = Debug|x64
		{E7CB76AA-6113-46BA-8EBC-8AE1D2B81210}.ICU Release|Win32.ActiveCfg = Release|Win32
		{E7CB76AA-6113-46BA-8EBC-8AE1D2B81210}.ICU Release|Win32.Build.0 = Release|Win32
		{E7CB76AA-6113-46BA-8EBC-8AE1D2B81210}.ICU Release|x64.ActiveCfg = Release|x64
		{E7CB76AA-6113-46BA-8EBC-8AE1D2B81210}.ICU Release|x64.Build.0 = Release|x64
		{E7CB76AA-6113-46BA-8EBC-8AE1D2B81210}.Release|Win32.ActiveCfg = Release|x64
		{E7CB76AA-6113-46BA-8EBC-8AE1D2B81210}.Release|Win32.Build.0 = Release|x64
		{E7CB76AA-6113-46BA-8EBC-8AE1D2B81210}.Release|x64.ActiveCfg = Release|x64
		{E7CB76AA-6113-46BA-8EBC-8AE1D2B81210}.Release|x64.Build.0 = Release|x64
		{E7CB76AA-6113-46BA-8EBC-8AE1D2B81210}.Static Debug|Win32.ActiveCfg = Debug|Win32
		{E7CB76AA-6113-46BA-8EBC-8AE1D2B81210}.Static Debug|Win32.Build.0 = Debug|Win32
		{E7CB76AA-6113-46BA-8EBC-8AE1D2B81210}.Static Debug|x64.ActiveCfg = Debug|x64
		{E7CB76AA-6113-46BA-8EBC-8AE1D2B81210}.Static Debug|x64.Build.0 = Debug|x64
		{E7CB76AA-6113-46BA-8EBC-8AE1D2B81210}.Static Release|Win32.ActiveCfg = Release|Win32
		{E7CB76AA-6113-46BA-8EBC-8AE1D2B81210}.Static Release|Win32.Build.0 = Release|Win32
		{E7CB76AA-6113-46BA-8EBC-8AE1D2B81210}.Static Release|x64.ActiveCfg = Release|x64
		{E7CB76AA-6113-46BA-8EBC-8AE1D2B81210}.Static Release|x64.Build.0 = Release|x64
		{E7CB76AA-6113-46BA-8EBC-8AE1D2B81210}.Template|Win32.ActiveCfg = Template|Win32
		{E7CB76AA-6113-46BA-8EBC-8AE1D2B81210}.Template|Win32.Build.0 = Template|Win32
		{E7CB76AA-6113-46BA-8EBC-8AE1D2B81210}.Template|x64.ActiveCfg = Template|x64
		{E7CB76AA-6113-46BA-8EBC-8AE1D2B81210}.Template|x64.Build.0 = Template|x64
		{D0087BEB-3E7B-4004-BD4A-E4D071CF8D92}.Debug|Win32.ActiveCfg = Debug|Win32
		{D0087BEB-3E7B-4004-BD4A-E4D071CF8D92}.Debug|Win32.Build.0 = Debug|Win32
		{D0087BEB-3E7B-4004-BD4A-E4D071CF8D92}.Debug|x64.ActiveCfg = Debug|x64
		{D0087BEB-3E7B-4004-BD4A-E4D071CF8D92}.Debug|x64.Build.0 = Debug|x64
		{D0087BEB-3E7B-4004-BD4A-E4D071CF8D92}.ICU Debug|Win32.ActiveCfg = Debug|Win32
		{D0087BEB-3E7B-4004-BD4A-E4D071CF8D92}.ICU Debug|Win32.Build.0 = Debug|Win32
		{D0087BEB-3E7B-4004-BD4A-E4D071CF8D92}.ICU Debug|x64.ActiveCfg = Debug|Win32
		{D0087BEB-3E7B-4004-BD4A-E4D071CF8D92}.ICU Release|Win32.ActiveCfg = Release|Win32
		{D0087BEB-3E7B-4004-BD4A-E4D071CF8D92}.ICU Release|Win32.Build.0 = Release|Win32
		{D0087BEB-3E7B-4004-BD4A-E4D071CF8D92}.ICU Release|x64.ActiveCfg = Release|Win32
		{D0087BEB-3E7B-4004-BD4A-E4D071CF8D92}.Release|Win32.ActiveCfg = Release|Win32
		{D0087BEB-3E7B-4004-BD4A-E4D071CF8D92}.Release|Win32.Build.0 = Release|Win32
		{D0087BEB-3E7B-4004-BD4A-E4D071CF8D92}.Release|x64.ActiveCfg = Release|x64
		{D0087BEB-3E7B-4004-BD4A-E4D071CF8D92}.Release|x64.Build.0 = Release|x64
		{D0087BEB-3E7B-4004-BD4A-E4D071CF8D92}.Static Debug|Win32.ActiveCfg = Debug|Win32
		{D0087BEB-3E7B-4004-BD4A-E4D071CF8D92}.Static Debug|Win32.Build.0 = Debug|Win32
		{D0087BEB-3E7B-4004-BD4A-E4D071CF8D92}.Static Debug|x64.ActiveCfg = Debug|Win32
		{D0087BEB-3E7B-4004-BD4A-E4D071CF8D92}.Static Release|Win32.ActiveCfg = Release|Win32
		{D0087BEB-3E7B-4004-BD4A-E4D071CF8D92}.Static Release|Win32.Build.0 = Release|Win32
		{D0087BEB-3E7B-4004-BD4A-E4D071CF8D92}.Static Release|x64.ActiveCfg = Release|Win32
		{D0087BEB-3E7B-4004-BD4A-E4D071CF8D92}.Template|Win32.ActiveCfg = Release|Win32
		{D0087BEB-3E7B-4004-BD4A-E4D071CF8D92}.Template|Win32.Build.0 = Release|Win32
		{D0087BEB-3E7B-4004-BD4A-E4D071CF8D92}.Template|x64.ActiveCfg = Release|Win32
		{B0E65BCB-863E-42C4-9043-B48264DE4ACA}.Debug|Win32.ActiveCfg = Debug|Win32
		{B0E65BCB-863E-42C4-9043-B48264DE4ACA}.Debug|Win32.Build.0 = Debug|Win32
		{B0E65BCB-863E-42C4-9043-B48264DE4ACA}.Debug|x64.ActiveCfg = Debug|x64
		{B0E65BCB-863E-42C4-9043-B48264DE4ACA}.Debug|x64.Build.0 = Debug|x64
		{B0E65BCB-863E-42C4-9043-B48264DE4ACA}.ICU Debug|Win32.ActiveCfg = Debug|Win32
		{B0E65BCB-863E-42C4-9043-B48264DE4ACA}.ICU Debug|Win32.Build.0 = Debug|Win32
		{B0E65BCB-863E-42C4-9043-B48264DE4ACA}.ICU Debug|x64.ActiveCfg = Debug|Win32
		{B0E65BCB-863E-42C4-9043-B48264DE4ACA}.ICU Release|Win32.ActiveCfg = Release|Win32
		{B0E65BCB-863E-42C4-9043-B48264DE4ACA}.ICU Release|Win32.Build.0 = Release|Win32
		{B0E65BCB-863E-42C4-9043-B48264DE4ACA}.ICU Release|x64.ActiveCfg = Release|Win32
		{B0E65BCB-863E-42C4-9043-B48264DE4ACA}.Release|Win32.ActiveCfg = Release|Win32
		{B0E65BCB-863E-42C4-9043-B48264DE4ACA}.Release|Win32.Build.0 = Release|Win32
		{B0E65BCB-863E-42C4-9043-B48264DE4ACA}.Release|x64.ActiveCfg = Release|x64
		{B0E65BCB-863E-42C4-9043-B48264DE4ACA}.Release|x64.Build.0 = Release|x64
		{B0E65BCB-863E-42C4-9043-B48264DE4ACA}.Static Debug|Win32.ActiveCfg = Debug|Win32
		{B0E65BCB-863E-42C4-9043-B48264DE4ACA}.Static Debug|Win32.Build.0 = Debug|Win32
		{B0E65BCB-863E-42C4-9043-B48264DE4ACA}.Static Debug|x64.ActiveCfg = Debug|Win32
		{B0E65BCB-863E-42C4-9043-B48264DE4ACA}.Static Release|Win32.ActiveCfg = Release|Win32
		{B0E65BCB-863E-42C4-9043-B48264DE4ACA}.Static Release|Win32.Build.0 = Release|Win32
		{B0E65BCB-863E-42C4-9043-B48264DE4ACA}.Static Release|x64.ActiveCfg = Release|Win32
		{B0E65BCB-863E-42C4-9043-B48264DE4ACA}.Template|Win32.ActiveCfg = Release|Win32
		{B0E65BCB-863E-42C4-9043-B48264DE4ACA}.Template|Win32.Build.0 = Release|Win32
		{B0E65BCB-863E-42C4-9043-B48264DE4ACA}.Template|x64.ActiveCfg = Release|Win32
		{CA6C5477-43F6-4EC9-A1BA-07FB9B4C2762}.Debug|Win32.ActiveCfg = Debug|Win32
		{CA6C5477-43F6-4EC9-A1BA-07FB9B4C2762}.Debug|Win32.Build.0 = Debug|Win32
		{CA6C5477-43F6-4EC9-A1BA-07FB9B4C2762}.Debug|x64.ActiveCfg = Debug|x64
		{CA6C5477-43F6-4EC9-A1BA-07FB9B4C2762}.Debug|x64.Build.0 = Debug|x64
		{CA6C5477-43F6-4EC9-A1BA-07FB9B4C2762}.ICU Debug|Win32.ActiveCfg = Debug|Win32
		{CA6C5477-43F6-4EC9-A1BA-07FB9B4C2762}.ICU Debug|Win32.Build.0 = Debug|Win32
		{CA6C5477-43F6-4EC9-A1BA-07FB9B4C2762}.ICU Debug|x64.ActiveCfg = Debug|Win32
		{CA6C5477-43F6-4EC9-A1BA-07FB9B4C2762}.ICU Release|Win32.ActiveCfg = Release|Win32
		{CA6C5477-43F6-4EC9-A1BA-07FB9B4C2762}.ICU Release|Win32.Build.0 = Release|Win32
		{CA6C5477-43F6-4EC9-A1BA-07FB9B4C2762}.ICU Release|x64.ActiveCfg = Release|Win32
		{CA6C5477-43F6-4EC9-A1BA-07FB9B4C2762}.Release|Win32.ActiveCfg = Release|Win32
		{CA6C5477-43F6-4EC9-A1BA-07FB9B4C2762}.Release|Win32.Build.0 = Release|Win32
		{CA6C5477-43F6-4EC9-A1BA-07FB9B4C2762}.Release|x64.ActiveCfg = Release|x64
		{CA6C5477-43F6-4EC9-A1BA-07FB9B4C2762}.Release|x64.Build.0 = Release|x64
		{CA6C5477-43F6-4EC9-A1BA-07FB9B4C2762}.Static Debug|Win32.ActiveCfg = Debug|Win32
		{CA6C5477-43F6-4EC9-A1BA-07FB9B4C2762}.Static Debug|Win32.Build.0 = Debug|Win32
		{CA6C5477-43F6-4EC9-A1BA-07FB9B4C2762}.Static Debug|x64.ActiveCfg = Debug|Win32
		{CA6C5477-43F6-4EC9-A1BA-07FB9B4C2762}.Static Release|Win32.ActiveCfg = Release|Win32
		{CA6C5477-43F6-4EC9-A1BA-07FB9B4C2762}.Static Release|Win32.Build.0 = Release|Win32
		{CA6C5477-43F6-4EC9-A1BA-07FB9B4C2762}.Static Release|x64.ActiveCfg = Release|Win32
		{CA6C5477-43F6-4EC9-A1BA-07FB9B4C2762}.Template|Win32.ActiveCfg = Release|Win32
		{CA6C5477-43F6-4EC9-A1BA-07FB9B4C2762}.Template|Win32.Build.0 = Release|Win32
		{CA6C5477-43F6-4EC9-A1BA-07FB9B4C2762}.Template|x64.ActiveCfg = Release|Win32
		{B39ED2B3-D53A-4077-B957-930979A3577D}.Debug|Win32.ActiveCfg = Debug|Win32
		{B39ED2B3-D53A-4077-B957-930979A3577D}.Debug|Win32.Build.0 = Debug|Win32
		{B39ED2B3-D53A-4077-B957-930979A3577D}.Debug|x64.ActiveCfg = Debug|x64
		{B39ED2B3-D53A-4077-B957-930979A3577D}.Debug|x64.Build.0 = Debug|x64
		{B39ED2B3-D53A-4077-B957-930979A3577D}.ICU Debug|Win32.ActiveCfg = Debug|Win32
		{B39ED2B3-D53A-4077-B957-930979A3577D}.ICU Debug|Win32.Build.0 = Debug|Win32
		{B39ED2B3-D53A-4077-B957-930979A3577D}.ICU Debug|x64.ActiveCfg = Debug|x64
		{B39ED2B3-D53A-4077-B957-930979A3577D}.ICU Debug|x64.Build.0 = Debug|x64
		{B39ED2B3-D53A-4077-B957-930979A3577D}.ICU Release|Win32.ActiveCfg = Release|Win32
		{B39ED2B3-D53A-4077-B957-930979A3577D}.ICU Release|Win32.Build.0 = Release|Win32
		{B39ED2B3-D53A-4077-B957-930979A3577D}.ICU Release|x64.ActiveCfg = Release|x64
		{B39ED2B3-D53A-4077-B957-930979A3577D}.ICU Release|x64.Build.0 = Release|x64
		{B39ED2B3-D53A-4077-B957-930979A3577D}.Release|Win32.ActiveCfg = Release|Win32
		{B39ED2B3-D53A-4077-B957-930979A3577D}.Release|Win32.Build.0 = Release|Win32
		{B39ED2B3-D53A-4077-B957-930979A3577D}.Release|x64.ActiveCfg = Release|x64
		{B39ED2B3-D53A-4077-B957-930979A3577D}.Release|x64.Build.0 = Release|x64
		{B39ED2B3-D53A-4077-B957-930979A3577D}.Static Debug|Win32.ActiveCfg = Debug|Win32
		{B39ED2B3-D53A-4077-B957-930979A3577D}.Static Debug|Win32.Build.0 = Debug|Win32
		{B39ED2B3-D53A-4077-B957-930979A3577D}.Static Debug|x64.ActiveCfg = Debug|x64
		{B39ED2B3-D53A-4077-B957-930979A3577D}.Static Debug|x64.Build.0 = Debug|x64
		{B39ED2B3-D53A-4077-B957-930979A3577D}.Static Release|Win32.ActiveCfg = Release|Win32
		{B39ED2B3-D53A-4077-B957-930979A3577D}.Static Release|Win32.Build.0 = Release|Win32
		{B39ED2B3-D53A-4077-B957-930979A3577D}.Static Release|x64.ActiveCfg = Release|x64
		{B39ED2B3-D53A-4077-B957-930979A3577D}.Static Release|x64.Build.0 = Release|x64
		{B39ED2B3-D53A-4077-B957-930979A3577D}.Template|Win32.ActiveCfg = Release|Win32
		{B39ED2B3-D53A-4077-B957-930979A3577D}.Template|Win32.Build.0 = Release|Win32
		{B39ED2B3-D53A-4077-B957-930979A3577D}.Template|x64.ActiveCfg = Release|x64
		{B39ED2B3-D53A-4077-B957-930979A3577D}.Template|x64.Build.0 = Release|x64
		{5E1D4E5F-E10C-4BA3-B663-F33014FD21D9}.Debug|Win32.ActiveCfg = Debug|Win32
		{5E1D4E5F-E10C-4BA3-B663-F33014FD21D9}.Debug|Win32.Build.0 = Debug|Win32
		{5E1D4E5F-E10C-4BA3-B663-F33014FD21D9}.Debug|x64.ActiveCfg = Debug|x64
		{5E1D4E5F-E10C-4BA3-B663-F33014FD21D9}.Debug|x64.Build.0 = Debug|x64
		{5E1D4E5F-E10C-4BA3-B663-F33014FD21D9}.ICU Debug|Win32.ActiveCfg = Debug|Win32
		{5E1D4E5F-E10C-4BA3-B663-F33014FD21D9}.ICU Debug|Win32.Build.0 = Debug|Win32
		{5E1D4E5F-E10C-4BA3-B663-F33014FD21D9}.ICU Debug|x64.ActiveCfg = Debug|x64
		{5E1D4E5F-E10C-4BA3-B663-F33014FD21D9}.ICU Debug|x64.Build.0 = Debug|x64
		{5E1D4E5F-E10C-4BA3-B663-F33014FD21D9}.ICU Release|Win32.ActiveCfg = Release|Win32
		{5E1D4E5F-E10C-4BA3-B663-F33014FD21D9}.ICU Release|Win32.Build.0 = Release|Win32
		{5E1D4E5F-E10C-4BA3-B663-F33014FD21D9}.ICU Release|x64.ActiveCfg = Release|x64
		{5E1D4E5F-E10C-4BA3-B663-F33014FD21D9}.ICU Release|x64.Build.0 = Release|x64
		{5E1D4E5F-E10C-4BA3-B663-F33014FD21D9}.Release|Win32.ActiveCfg = Release|Win32
		{5E1D4E5F-E10C-4BA3-B663-F33014FD21D9}.Release|Win32.Build.0 = Release|Win32
		{5E1D4E5F-E10C-4BA3-B663-F33014FD21D9}.Release|x64.ActiveCfg = Release|x64
		{5E1D4E5F-E10C-4BA3-B663-F33014FD21D9}.Release|x64.Build.0 = Release|x64
		{5E1D4E5F-E10C-4BA3-B663-F33014FD21D9}.Static Debug|Win32.ActiveCfg = Debug|Win32
		{5E1D4E5F-E10C-4BA3-B663-F33014FD21D9}.Static Debug|Win32.Build.0 = Debug|Win32
		{5E1D4E5F-E10C-4BA3-B663-F33014FD21D9}.Static Debug|x64.ActiveCfg = Debug|x64
		{5E1D4E5F-E10C-4BA3-B663-F33014FD21D9}.Static Debug|x64.Build.0 = Debug|x64
		{5E1D4E5F-E10C-4BA3-B663-F33014FD21D9}.Static Release|Win32.ActiveCfg = Release|Win32
		{5E1D4E5F-E10C-4BA3-B663-F33014FD21D9}.Static Release|Win32.Build.0 = Release|Win32
		{5E1D4E5F-E10C-4BA3-B663-F33014FD21D9}.Static Release|x64.ActiveCfg = Release|x64
		{5E1D4E5F-E10C-4BA3-B663-F33014FD21D9}.Static Release|x64.Build.0 = Release|x64
		{5E1D4E5F-E10C-4BA3-B663-F33014FD21D9}.Template|Win32.ActiveCfg = Release|Win32
		{5E1D4E5F-E10C-4BA3-B663-F33014FD21D9}.Template|Win32.Build.0 = Release|Win32
		{5E1D4E5F-E10C-4BA3-B663-F33014FD21D9}.Template|x64.ActiveCfg = Release|x64
		{5E1D4E5F-E10C-4BA3-B663-F33014FD21D9}.Template|x64.Build.0 = Release|x64
		{912A2D43-35A3-4AF2-B2EB-0D81EFFDA6DC}.Debug|Win32.ActiveCfg = Debug|Win32
		{912A2D43-35A3-4AF2-B2EB-0D81EFFDA6DC}.Debug|Win32.Build.0 = Debug|Win32
		{912A2D43-35A3-4AF2-B2EB-0D81EFFDA6DC}.Debug|x64.ActiveCfg = Debug|x64
		{912A2D43-35A3-4AF2-B2EB-0D81EFFDA6DC}.Debug|x64.Build.0 = Debug|x64
		{912A2D43-35A3-4AF2-B2EB-0D81EFFDA6DC}.ICU Debug|Win32.ActiveCfg = Debug|Win32
		{912A2D43-35A3-4AF2-B2EB-0D81EFFDA6DC}.ICU Debug|Win32.Build.0 = Debug|Win32
		{912A2D43-35A3-4AF2-B2EB-0D81EFFDA6DC}.ICU Debug|x64.ActiveCfg = Debug|x64
		{912A2D43-35A3-4AF2-B2EB-0D81EFFDA6DC}.ICU Debug|x64.Build.0 = Debug|x64
		{912A2D43-35A3-4AF2-B2EB-0D81EFFDA6DC}.ICU Release|Win32.ActiveCfg = Release|Win32
		{912A2D43-35A3-4AF2-B2EB-0D81EFFDA6DC}.ICU Release|Win32.Build.0 = Release|Win32
		{912A2D43-35A3-4AF2-B2EB-0D81EFFDA6DC}.ICU Release|x64.ActiveCfg = Release|x64
		{912A2D43-35A3-4AF2-B2EB-0D81EFFDA6DC}.ICU Release|x64.Build.0 = Release|x64
		{912A2D43-35A3-4AF2-B2EB-0D81EFFDA6DC}.Release|Win32.ActiveCfg = Release|Win32
		{912A2D43-35A3-4AF2-B2EB-0D81EFFDA6DC}.Release|Win32.Build.0 = Release|Win32
		{912A2D43-35A3-4AF2-B2EB-0D81EFFDA6DC}.Release|x64.ActiveCfg = Release|x64
		{912A2D43-35A3-4AF2-B2EB-0D81EFFDA6DC}.Release|x64.Build.0 = Release|x64
		{912A2D43-35A3-4AF2-B2EB-0D81EFFDA6DC}.Static Debug|Win32.ActiveCfg = Debug|Win32
		{912A2D43-35A3-4AF2-B2EB-0D81EFFDA6DC}.Static Debug|Win32.Build.0 = Debug|Win32
		{912A2D43-35A3-4AF2-B2EB-0D81EFFDA6DC}.Static Debug|x64.ActiveCfg = Debug|x64
		{912A2D43-35A3-4AF2-B2EB-0D81EFFDA6DC}.Static Debug|x64.Build.0 = Debug|x64
		{912A2D43-35A3-4AF2-B2EB-0D81EFFDA6DC}.Static Release|Win32.ActiveCfg = Release|Win32
		{912A2D43-35A3-4AF2-B2EB-0D81EFFDA6DC}.Static Release|Win32.Build.0 = Release|Win32
		{912A2D43-35A3-4AF2-B2EB-0D81EFFDA6DC}.Static Release|x64.ActiveCfg = Release|x64
		{912A2D43-35A3-4AF2-B2EB-0D81EFFDA6DC}.Static Release|x64.Build.0 = Release|x64
		{912A2D43-35A3-4AF2-B2EB-0D81EFFDA6DC}.Template|Win32.ActiveCfg = Release|Win32
		{912A2D43-35A3-4AF2-B2EB-0D81EFFDA6DC}.Template|Win32.Build.0 = Release|Win32
		{912A2D43-35A3-4AF2-B2EB-0D81EFFDA6DC}.Template|x64.ActiveCfg = Release|x64
		{912A2D43-35A3-4AF2-B2EB-0D81EFFDA6DC}.Template|x64.Build.0 = Release|x64
		{E3536C28-A7F1-4B53-8E52-7D2232F9E098}.Debug|Win32.ActiveCfg = Debug|Win32
		{E3536C28-A7F1-4B53-8E52-7D2232F9E098}.Debug|Win32.Build.0 = Debug|Win32
		{E3536C28-A7F1-4B53-8E52-7D2232F9E098}.Debug|x64.ActiveCfg = Debug|x64
		{E3536C28-A7F1-4B53-8E52-7D2232F9E098}.Debug|x64.Build.0 = Debug|x64
		{E3536C28-A7F1-4B53-8E52-7D2232F9E098}.ICU Debug|Win32.ActiveCfg = Debug|Win32
		{E3536C28-A7F1-4B53-8E52-7D2232F9E098}.ICU Debug|Win32.Build.0 = Debug|Win32
		{E3536C28-A7F1-4B53-8E52-7D2232F9E098}.ICU Debug|x64.ActiveCfg = Debug|x64
		{E3536C28-A7F1-4B53-8E52-7D2232F9E098}.ICU Debug|x64.Build.0 = Debug|x64
		{E3536C28-A7F1-4B53-8E52-7D2232F9E098}.ICU Release|Win32.ActiveCfg = Release|Win32
		{E3536C28-A7F1-4B53-8E52-7D2232F9E098}.ICU Release|Win32.Build.0 = Release|Win32
		{E3536C28-A7F1-4B53-8E52-7D2232F9E098}.ICU Release|x64.ActiveCfg = Release|x64
		{E3536C28-A7F1-4B53-8E52-7D2232F9E098}.ICU Release|x64.Build.0 = Release|x64
		{E3536C28-A7F1-4B53-8E52-7D2232F9E098}.Release|Win32.ActiveCfg = Release|Win32
		{E3536C28-A7F1-4B53-8E52-7D2232F9E098}.Release|Win32.Build.0 = Release|Win32
		{E3536C28-A7F1-4B53-8E52-7D2232F9E098}.Release|x64.ActiveCfg = Release|x64
		{E3536C28-A7F1-4B53-8E52-7D2232F9E098}.Release|x64.Build.0 = Release|x64
		{E3536C28-A7F1-4B53-8E52-7D2232F9E098}.Static Debug|Win32.ActiveCfg = Debug|Win32
		{E3536C28-A7F1-4B53-8E52-7D2232F9E098}.Static Debug|Win32.Build.0 = Debug|Win32
		{E3536C28-A7F1-4B53-8E52-7D2232F9E098}.Static Debug|x64.ActiveCfg = Debug|x64
		{E3536C28-A7F1-4B53-8E52-7D2232F9E098}.Static Debug|x64.Build.0 = Debug|x64
		{E3536C28-A7F1-4B53-8E52-7D2232F9E098}.Static Release|Win32.ActiveCfg = Release|Win32
		{E3536C28-A7F1-4B53-8E52-7D2232F9E098}.Static Release|Win32.Build.0 = Release|Win32
		{E3536C28-A7F1-4B53-8E52-7D2232F9E098}.Static Release|x64.ActiveCfg = Release|x64
		{E3536C28-A7F1-4B53-8E52-7D2232F9E098}.Static Release|x64.Build.0 = Release|x64
		{E3536C28-A7F1-4B53-8E52-7D2232F9E098}.Template|Win32.ActiveCfg = Release|Win32
		{E3536C28-A7F1-4B53-8E52-7D2232F9E098}.Template|Win32.Build.0 = Release|Win32
		{E3536C28-A7F1-4B53-8E52-7D2232F9E098}.Template|x64.ActiveCfg = Release|x64
		{E3536C28-A7F1-4B53-8E52-7D2232F9E098}.Template|x64.Build.0 = Release|x64
		{7DB10B50-CE00-4D7A-B322-6824F05D2FCB}.Debug|Win32.ActiveCfg = Debug|Win32
		{7DB10B50-CE00-4D7A-B322-6824F05D2FCB}.Debug|Win32.Build.0 = Debug|Win32
		{7DB10B50-CE00-4D7A-B322-6824F05D2FCB}.Debug|x64.ActiveCfg = Debug|x64
		{7DB10B50-CE00-4D7A-B322-6824F05D2FCB}.Debug|x64.Build.0 = Debug|x64
		{7DB10B50-CE00-4D7A-B322-6824F05D2FCB}.ICU Debug|Win32.ActiveCfg = Debug|Win32
		{7DB10B50-CE00-4D7A-B322-6824F05D2FCB}.ICU Debug|Win32.Build.0 = Debug|Win32
		{7DB10B50-CE00-4D7A-B322-6824F05D2FCB}.ICU Debug|x64.ActiveCfg = Debug|x64
		{7DB10B50-CE00-4D7A-B322-6824F05D2FCB}.ICU Debug|x64.Build.0 = Debug|x64
		{7DB10B50-CE00-4D7A-B322-6824F05D2FCB}.ICU Release|Win32.ActiveCfg = Release|Win32
		{7DB10B50-CE00-4D7A-B322-6824F05D2FCB}.ICU Release|Win32.Build.0 = Release|Win32
		{7DB10B50-CE00-4D7A-B322-6824F05D2FCB}.ICU Release|x64.ActiveCfg = Release|x64
		{7DB10B50-CE00-4D7A-B322-6824F05D2FCB}.ICU Release|x64.Build.0 = Release|x64
		{7DB10B50-CE00-4D7A-B322-6824F05D2FCB}.Release|Win32.ActiveCfg = Release|Win32
		{7DB10B50-CE00-4D7A-B322-6824F05D2FCB}.Release|Win32.Build.0 = Release|Win32
		{7DB10B50-CE00-4D7A-B322-6824F05D2FCB}.Release|x64.ActiveCfg = Release|x64
		{7DB10B50-CE00-4D7A-B322-6824F05D2FCB}.Release|x64.Build.0 = Release|x64
		{7DB10B50-CE00-4D7A-B322-6824F05D2FCB}.Static Debug|Win32.ActiveCfg = Debug|Win32
		{7DB10B50-CE00-4D7A-B322-6824F05D2FCB}.Static Debug|Win32.Build.0 = Debug|Win32
		{7DB10B50-CE00-4D7A-B322-6824F05D2FCB}.Static Debug|x64.ActiveCfg = Debug|x64
		{7DB10B50-CE00-4D7A-B322-6824F05D2FCB}.Static Debug|x64.Build.0 = Debug|x64
		{7DB10B50-CE00-4D7A-B322-6824F05D2FCB}.Static Release|Win32.ActiveCfg = Release|Win32
		{7DB10B50-CE00-4D7A-B322-6824F05D2FCB}.Static Release|Win32.Build.0 = Release|Win32
		{7DB10B50-CE00-4D7A-B322-6824F05D2FCB}.Static Release|x64.ActiveCfg = Release|x64
		{7DB10B50-CE00-4D7A-B322-6824F05D2FCB}.Static Release|x64.Build.0 = Release|x64
		{7DB10B50-CE00-4D7A-B322-6824F05D2FCB}.Template|Win32.ActiveCfg = Release|Win32
		{7DB10B50-CE00-4D7A-B322-6824F05D2FCB}.Template|Win32.Build.0 = Release|Win32
		{7DB10B50-CE00-4D7A-B322-6824F05D2FCB}.Template|x64.ActiveCfg = Release|x64
		{7DB10B50-CE00-4D7A-B322-6824F05D2FCB}.Template|x64.Build.0 = Release|x64
		{07F662C1-1323-42AB-B6AF-FBFD34A7437A}.Debug|Win32.ActiveCfg = Debug|Win32
		{07F662C1-1323-42AB-B6AF-FBFD34A7437A}.Debug|Win32.Build.0 = Debug|Win32
		{07F662C1-1323-42AB-B6AF-FBFD34A7437A}.Debug|x64.ActiveCfg = Debug|x64
		{07F662C1-1323-42AB-B6AF-FBFD34A7437A}.Debug|x64.Build.0 = Debug|x64
		{07F662C1-1323-42AB-B6AF-FBFD34A7437A}.ICU Debug|Win32.ActiveCfg = Debug|Win32
		{07F662C1-1323-42AB-B6AF-FBFD34A7437A}.ICU Debug|Win32.Build.0 = Debug|Win32
		{07F662C1-1323-42AB-B6AF-FBFD34A7437A}.ICU Debug|x64.ActiveCfg = Debug|x64
		{07F662C1-1323-42AB-B6AF-FBFD34A7437A}.ICU Debug|x64.Build.0 = Debug|x64
		{07F662C1-1323-42AB-B6AF-FBFD34A7437A}.ICU Release|Win32.ActiveCfg = Release|Win32
		{07F662C1-1323-42AB-B6AF-FBFD34A7437A}.ICU Release|Win32.Build.0 = Release|Win32
		{07F662C1-1323-42AB-B6AF-FBFD34A7437A}.ICU Release|x64.ActiveCfg = Release|x64
		{07F662C1-1323-42AB-B6AF-FBFD34A7437A}.ICU Release|x64.Build.0 = Release|x64
		{07F662C1-1323-42AB-B6AF-FBFD34A7437A}.Release|Win32.ActiveCfg = Release|Win32
		{07F662C1-1323-42AB-B6AF-FBFD34A7437A}.Release|Win32.Build.0 = Release|Win32
		{07F662C1-1323-42AB-B6AF-FBFD34A7437A}.Release|x64.ActiveCfg = Release|x64
		{07F662C1-1323-42AB-B6AF-FBFD34A7437A}.Release|x64.Build.0 = Release|x64
		{07F662C1-1323-42AB-B6AF-FBFD34A7437A}.Static Debug|Win32.ActiveCfg = Debug|Win32
		{07F662C1-1323-42AB-B6AF-FBFD34A7437A}.Static Debug|Win32.Build.0 = Debug|Win32
		{07F662C1-1323-42AB-B6AF-FBFD34A7437A}.Static Debug|x64.ActiveCfg = Debug|x64
		{07F662C1-1323-42AB-B6AF-FBFD34A7437A}.Static Debug|x64.Build.0 = Debug|x64
		{07F662C1-1323-42AB-B6AF-FBFD34A7437A}.Static Release|Win32.ActiveCfg = Release|Win32
		{07F662C1-1323-42AB-B6AF-FBFD34A7437A}.Static Release|Win32.Build.0 = Release|Win32
		{07F662C1-1323-42AB-B6AF-FBFD34A7437A}.Static Release|x64.ActiveCfg = Release|x64
		{07F662C1-1323-42AB-B6AF-FBFD34A7437A}.Static Release|x64.Build.0 = Release|x64
		{07F662C1-1323-42AB-B6AF-FBFD34A7437A}.Template|Win32.ActiveCfg = Release|Win32
		{07F662C1-1323-42AB-B6AF-FBFD34A7437A}.Template|Win32.Build.0 = Release|Win32
		{07F662C1-1323-42AB-B6AF-FBFD34A7437A}.Template|x64.ActiveCfg = Release|x64
		{07F662C1-1323-42AB-B6AF-FBFD34A7437A}.Template|x64.Build.0 = Release|x64
		{431E3F3F-7C4D-430A-B8F1-4F165DB64EDC}.Debug|Win32.ActiveCfg = Debug|Win32
		{431E3F3F-7C4D-430A-B8F1-4F165DB64EDC}.Debug|Win32.Build.0 = Debug|Win32
		{431E3F3F-7C4D-430A-B8F1-4F165DB64EDC}.Debug|x64.ActiveCfg = Debug|x64
		{431E3F3F-7C4D-430A-B8F1-4F165DB64EDC}.Debug|x64.Build.0 = Debug|x64
		{431E3F3F-7C4D-430A-B8F1-4F165DB64EDC}.ICU Debug|Win32.ActiveCfg = Debug|Win32
		{431E3F3F-7C4D-430A-B8F1-4F165DB64EDC}.ICU Debug|Win32.Build.0 = Debug|Win32
		{431E3F3F-7C4D-430A-B8F1-4F165DB64EDC}.ICU Debug|x64.ActiveCfg = Debug|x64
		{431E3F3F-7C4D-430A-B8F1-4F165DB64EDC}.ICU Debug|x64.Build.0 = Debug|x64
		{431E3F3F-7C4D-430A-B8F1-4F165DB64EDC}.ICU Release|Win32.ActiveCfg = Release|Win32
		{431E3F3F-7C4D-430A-B8F1-4F165DB64EDC}.ICU Release|Win32.Build.0 = Release|Win32
		{431E3F3F-7C4D-430A-B8F1-4F165DB64EDC}.ICU Release|x64.ActiveCfg = Release|x64
		{431E3F3F-7C4D-430A-B8F1-4F165DB64EDC}.ICU Release|x64.Build.0 = Release|x64
		{431E3F3F-7C4D-430A-B8F1-4F165DB64EDC}.Release|Win32.ActiveCfg = Release|Win32
		{431E3F3F-7C4D-430A-B8F1-4F165DB64EDC}.Release|Win32.Build.0 = Release|Win32
		{431E3F3F-7C4D-430A-B8F1-4F165DB64EDC}.Release|x64.ActiveCfg = Release|x64
		{431E3F3F-7C4D-430A-B8F1-4F165DB64EDC}.Release|x64.Build.0 = Release|x64
		{431E3F3F-7C4D-430A-B8F1-4F165DB64EDC}.Static Debug|Win32.ActiveCfg = Debug|Win32
		{431E3F3F-7C4D-430A-B8F1-4F165DB64EDC}.Static Debug|Win32.Build.0 = Debug|Win32
		{431E3F3F-7C4D-430A-B8F1-4F165DB64EDC}.Static Debug|x64.ActiveCfg = Debug|x64
		{431E3F3F-7C4D-430A-B8F1-4F165DB64EDC}.Static Debug|x64.Build.0 = Debug|x64
		{431E3F3F-7C4D-430A-B8F1-4F165DB64EDC}.Static Release|Win32.ActiveCfg = Release|Win32
		{431E3F3F-7C4D-430A-B8F1-4F165DB64EDC}.Static Release|Win32.Build.0 = Release|Win32
		{431E3F3F-7C4D-430A-B8F1-4F165DB64EDC}.Static Release|x64.ActiveCfg = Release|x64
		{431E3F3F-7C4D-430A-B8F1-4F165DB64EDC}.Static Release|x64.Build.0 = Release|x64
		{431E3F3F-7C4D-430A-B8F1-4F165DB64EDC}.Template|Win32.ActiveCfg = Release|Win32
		{431E3F3F-7C4D-430A-B8F1-4F165DB64EDC}.Template|Win32.Build.0 = Release|Win32
		{431E3F3F-7C4D-430A-B8F1-4F165DB64EDC}.Template|x64.ActiveCfg = Release|x64
		{431E3F3F-7C4D-430A-B8F1-4F165DB64EDC}.Template|x64.Build.0 = Release|x64
		{17A4874B-0606-4687-90B6-F91F8CB3B8AF}.Debug|Win32.ActiveCfg = Debug|Win32
		{17A4874B-0606-4687-90B6-F91F8CB3B8AF}.Debug|Win32.Build.0 = Debug|Win32
		{17A4874B-0606-4687-90B6-F91F8CB3B8AF}.Debug|x64.ActiveCfg = Debug|x64
		{17A4874B-0606-4687-90B6-F91F8CB3B8AF}.Debug|x64.Build.0 = Debug|x64
		{17A4874B-0606-4687-90B6-F91F8CB3B8AF}.ICU Debug|Win32.ActiveCfg = Debug|Win32
		{17A4874B-0606-4687-90B6-F91F8CB3B8AF}.ICU Debug|Win32.Build.0 = Debug|Win32
		{17A4874B-0606-4687-90B6-F91F8CB3B8AF}.ICU Debug|x64.ActiveCfg = Debug|x64
		{17A4874B-0606-4687-90B6-F91F8CB3B8AF}.ICU Debug|x64.Build.0 = Debug|x64
		{17A4874B-0606-4687-90B6-F91F8CB3B8AF}.ICU Release|Win32.ActiveCfg = Release|Win32
		{17A4874B-0606-4687-90B6-F91F8CB3B8AF}.ICU Release|Win32.Build.0 = Release|Win32
		{17A4874B-0606-4687-90B6-F91F8CB3B8AF}.ICU Release|x64.ActiveCfg = Release|x64
		{17A4874B-0606-4687-90B6-F91F8CB3B8AF}.ICU Release|x64.Build.0 = Release|x64
		{17A4874B-0606-4687-90B6-F91F8CB3B8AF}.Release|Win32.ActiveCfg = Release|Win32
		{17A4874B-0606-4687-90B6-F91F8CB3B8AF}.Release|Win32.Build.0 = Release|Win32
		{17A4874B-0606-4687-90B6-F91F8CB3B8AF}.Release|x64.ActiveCfg = Release|x64
		{17A4874B-0606-4687-90B6-F91F8CB3B8AF}.Release|x64.Build.0 = Release|x64
		{17A4874B-0606-4687-90B6-F91F8CB3B8AF}.Static Debug|Win32.ActiveCfg = Debug|Win32
		{17A4874B-0606-4687-90B6-F91F8CB3B8AF}.Static Debug|Win32.Build.0 = Debug|Win32
		{17A4874B-0606-4687-90B6-F91F8CB3B8AF}.Static Debug|x64.ActiveCfg = Debug|x64
		{17A4874B-0606-4687-90B6-F91F8CB3B8AF}.Static Debug|x64.Build.0 = Debug|x64
		{17A4874B-0606-4687-90B6-F91F8CB3B8AF}.Static Release|Win32.ActiveCfg = Release|Win32
		{17A4874B-0606-4687-90B6-F91F8CB3B8AF}.Static Release|Win32.Build.0 = Release|Win32
		{17A4874B-0606-4687-90B6-F91F8CB3B8AF}.Static Release|x64.ActiveCfg = Release|x64
		{17A4874B-0606-4687-90B6-F91F8CB3B8AF}.Static Release|x64.Build.0 = Release|x64
		{17A4874B-0606-4687-90B6-F91F8CB3B8AF}.Template|Win32.ActiveCfg = Release|Win32
		{17A4874B-0606-4687-90B6-F91F8CB3B8AF}.Template|Win32.Build.0 = Release|Win32
		{17A4874B-0606-4687-90B6-F91F8CB3B8AF}.Template|x64.ActiveCfg = Release|x64
		{17A4874B-0606-4687-90B6-F91F8CB3B8AF}.Template|x64.Build.0 = Release|x64
		{3FD09A6A-DFF3-49F8-9E6A-243337CA1CB5}.Debug|Win32.ActiveCfg = Debug|Win32
		{3FD09A6A-DFF3-49F8-9E6A-243337CA1CB5}.Debug|Win32.Build.0 = Debug|Win32
		{3FD09A6A-DFF3-49F8-9E6A-243337CA1CB5}.Debug|x64.ActiveCfg = Debug|x64
		{3FD09A6A-DFF3-49F8-9E6A-243337CA1CB5}.Debug|x64.Build.0 = Debug|x64
		{3FD09A6A-DFF3-49F8-9E6A-243337CA1CB5}.ICU Debug|Win32.ActiveCfg = Debug|Win32
		{3FD09A6A-DFF3-49F8-9E6A-243337CA1CB5}.ICU Debug|Win32.Build.0 = Debug|Win32
		{3FD09A6A-DFF3-49F8-9E6A-243337CA1CB5}.ICU Debug|x64.ActiveCfg = Debug|Win32
		{3FD09A6A-DFF3-49F8-9E6A-243337CA1CB5}.ICU Release|Win32.ActiveCfg = Release|Win32
		{3FD09A6A-DFF3-49F8-9E6A-243337CA1CB5}.ICU Release|Win32.Build.0 = Release|Win32
		{3FD09A6A-DFF3-49F8-9E6A-243337CA1CB5}.ICU Release|x64.ActiveCfg = Release|Win32
		{3FD09A6A-DFF3-49F8-9E6A-243337CA1CB5}.Release|Win32.ActiveCfg = Release|Win32
		{3FD09A6A-DFF3-49F8-9E6A-243337CA1CB5}.Release|Win32.Build.0 = Release|Win32
		{3FD09A6A-DFF3-49F8-9E6A-243337CA1CB5}.Release|x64.ActiveCfg = Release|x64
		{3FD09A6A-DFF3-49F8-9E6A-243337CA1CB5}.Release|x64.Build.0 = Release|x64
		{3FD09A6A-DFF3-49F8-9E6A-243337CA1CB5}.Static Debug|Win32.ActiveCfg = Debug|Win32
		{3FD09A6A-DFF3-49F8-9E6A-243337CA1CB5}.Static Debug|Win32.Build.0 = Debug|Win32
		{3FD09A6A-DFF3-49F8-9E6A-243337CA1CB5}.Static Debug|x64.ActiveCfg = Debug|Win32
		{3FD09A6A-DFF3-49F8-9E6A-243337CA1CB5}.Static Release|Win32.ActiveCfg = Release|Win32
		{3FD09A6A-DFF3-49F8-9E6A-243337CA1CB5}.Static Release|Win32.Build.0 = Release|Win32
		{3FD09A6A-DFF3-49F8-9E6A-243337CA1CB5}.Static Release|x64.ActiveCfg = Release|Win32
		{3FD09A6A-DFF3-49F8-9E6A-243337CA1CB5}.Template|Win32.ActiveCfg = Release|Win32
		{3FD09A6A-DFF3-49F8-9E6A-243337CA1CB5}.Template|Win32.Build.0 = Release|Win32
		{3FD09A6A-DFF3-49F8-9E6A-243337CA1CB5}.Template|x64.ActiveCfg = Release|Win32
		{026B2C9F-6D29-4931-A116-FDE55CF84F44}.Debug|Win32.ActiveCfg = Debug|Win32
		{026B2C9F-6D29-4931-A116-FDE55CF84F44}.Debug|Win32.Build.0 = Debug|Win32
		{026B2C9F-6D29-4931-A116-FDE55CF84F44}.Debug|x64.ActiveCfg = Debug|x64
		{026B2C9F-6D29-4931-A116-FDE55CF84F44}.Debug|x64.Build.0 = Debug|x64
		{026B2C9F-6D29-4931-A116-FDE55CF84F44}.ICU Debug|Win32.ActiveCfg = Debug|Win32
		{026B2C9F-6D29-4931-A116-FDE55CF84F44}.ICU Debug|Win32.Build.0 = Debug|Win32
		{026B2C9F-6D29-4931-A116-FDE55CF84F44}.ICU Debug|x64.ActiveCfg = Debug|x64
		{026B2C9F-6D29-4931-A116-FDE55CF84F44}.ICU Debug|x64.Build.0 = Debug|x64
		{026B2C9F-6D29-4931-A116-FDE55CF84F44}.ICU Release|Win32.ActiveCfg = Release|Win32
		{026B2C9F-6D29-4931-A116-FDE55CF84F44}.ICU Release|Win32.Build.0 = Release|Win32
		{026B2C9F-6D29-4931-A116-FDE55CF84F44}.ICU Release|x64.ActiveCfg = Release|x64
		{026B2C9F-6D29-4931-A116-FDE55CF84F44}.ICU Release|x64.Build.0 = Release|x64
		{026B2C9F-6D29-4931-A116-FDE55CF84F44}.Release|Win32.ActiveCfg = Release|Win32
		{026B2C9F-6D29-4931-A116-FDE55CF84F44}.Release|Win32.Build.0 = Release|Win32
		{026B2C9F-6D29-4931-A116-FDE55CF84F44}.Release|x64.ActiveCfg = Release|x64
		{026B2C9F-6D29-4931-A116-FDE55CF84F44}.Release|x64.Build.0 = Release|x64
		{026B2C9F-6D29-4931-A116-FDE55CF84F44}.Static Debug|Win32.ActiveCfg = Debug|Win32
		{026B2C9F-6D29-4931-A116-FDE55CF84F44}.Static Debug|Win32.Build.0 = Debug|Win32
		{026B2C9F-6D29-4931-A116-FDE55CF84F44}.Static Debug|x64.ActiveCfg = Debug|x64
		{026B2C9F-6D29-4931-A116-FDE55CF84F44}.Static Debug|x64.Build.0 = Debug|x64
		{026B2C9F-6D29-4931-A116-FDE55CF84F44}.Static Release|Win32.ActiveCfg = Release|Win32
		{026B2C9F-6D29-4931-A116-FDE55CF84F44}.Static Release|Win32.Build.0 = Release|Win32
		{026B2C9F-6D29-4931-A116-FDE55CF84F44}.Static Release|x64.ActiveCfg = Release|x64
		{026B2C9F-6D29-4931-A116-FDE55CF84F44}.Static Release|x64.Build.0 = Release|x64
		{026B2C9F-6D29-4931-A116-FDE55CF84F44}.Template|Win32.ActiveCfg = Release|Win32
		{026B2C9F-6D29-4931-A116-FDE55CF84F44}.Template|Win32.Build.0 = Release|Win32
		{026B2C9F-6D29-4931-A116-FDE55CF84F44}.Template|x64.ActiveCfg = Release|x64
		{026B2C9F-6D29-4931-A116-FDE55CF84F44}.Template|x64.Build.0 = Release|x64
		{F1FFFB47-2F92-44C0-AEC3-7334A12315BF}.Debug|Win32.ActiveCfg = Debug|Win32
		{F1FFFB47-2F92-44C0-AEC3-7334A12315BF}.Debug|Win32.Build.0 = Debug|Win32
		{F1FFFB47-2F92-44C0-AEC3-7334A12315BF}.Debug|x64.ActiveCfg = Debug|x64
		{F1FFFB47-2F92-44C0-AEC3-7334A12315BF}.Debug|x64.Build.0 = Debug|x64
		{F1FFFB47-2F92-44C0-AEC3-7334A12315BF}.ICU Debug|Win32.ActiveCfg = Debug|Win32
		{F1FFFB47-2F92-44C0-AEC3-7334A12315BF}.ICU Debug|Win32.Build.0 = Debug|Win32
		{F1FFFB47-2F92-44C0-AEC3-7334A12315BF}.ICU Debug|x64.ActiveCfg = Debug|x64
		{F1FFFB47-2F92-44C0-AEC3-7334A12315BF}.ICU Debug|x64.Build.0 = Debug|x64
		{F1FFFB47-2F92-44C0-AEC3-7334A12315BF}.ICU Release|Win32.ActiveCfg = Release|Win32
		{F1FFFB47-2F92-44C0-AEC3-7334A12315BF}.ICU Release|Win32.Build.0 = Release|Win32
		{F1FFFB47-2F92-44C0-AEC3-7334A12315BF}.ICU Release|x64.ActiveCfg = Release|x64
		{F1FFFB47-2F92-44C0-AEC3-7334A12315BF}.ICU Release|x64.Build.0 = Release|x64
		{F1FFFB47-2F92-44C0-AEC3-7334A12315BF}.Release|Win32.ActiveCfg = Release|Win32
		{F1FFFB47-2F92-44C0-AEC3-7334A12315BF}.Release|Win32.Build.0 = Release|Win32
		{F1FFFB47-2F92-44C0-AEC3-7334A12315BF}.Release|x64.ActiveCfg = Release|x64
		{F1FFFB47-2F92-44C0-AEC3-7334A12315BF}.Release|x64.Build.0 = Release|x64
		{F1FFFB47-2F92-44C0-AEC3-7334A12315BF}.Static Debug|Win32.ActiveCfg = Debug|Win32
		{F1FFFB47-2F92-44C0-AEC3-7334A12315BF}.Static Debug|Win32.Build.0 = Debug|Win32
		{F1FFFB47-2F92-44C0-AEC3-7334A12315BF}.Static Debug|x64.ActiveCfg = Debug|x64
		{F1FFFB47-2F92-44C0-AEC3-7334A12315BF}.Static Debug|x64.Build.0 = Debug|x64
		{F1FFFB47-2F92-44C0-AEC3-7334A12315BF}.Static Release|Win32.ActiveCfg = Release|Win32
		{F1FFFB47-2F92-44C0-AEC3-7334A12315BF}.Static Release|Win32.Build.0 = Release|Win32
		{F1FFFB47-2F92-44C0-AEC3-7334A12315BF}.Static Release|x64.ActiveCfg = Release|x64
		{F1FFFB47-2F92-44C0-AEC3-7334A12315BF}.Static Release|x64.Build.0 = Release|x64
		{F1FFFB47-2F92-44C0-AEC3-7334A12315BF}.Template|Win32.ActiveCfg = Release|Win32
		{F1FFFB47-2F92-44C0-AEC3-7334A12315BF}.Template|Win32.Build.0 = Release|Win32
		{F1FFFB47-2F92-44C0-AEC3-7334A12315BF}.Template|x64.ActiveCfg = Release|x64
		{F1FFFB47-2F92-44C0-AEC3-7334A12315BF}.Template|x64.Build.0 = Release|x64
		{8785C02F-C8C9-43B8-B300-B64DF8032C88}.Debug|Win32.ActiveCfg = Debug|Win32
		{8785C02F-C8C9-43B8-B300-B64DF8032C88}.Debug|Win32.Build.0 = Debug|Win32
		{8785C02F-C8C9-43B8-B300-B64DF8032C88}.Debug|x64.ActiveCfg = Debug|x64
		{8785C02F-C8C9-43B8-B300-B64DF8032C88}.Debug|x64.Build.0 = Debug|x64
		{8785C02F-C8C9-43B8-B300-B64DF8032C88}.ICU Debug|Win32.ActiveCfg = Debug|Win32
		{8785C02F-C8C9-43B8-B300-B64DF8032C88}.ICU Debug|Win32.Build.0 = Debug|Win32
		{8785C02F-C8C9-43B8-B300-B64DF8032C88}.ICU Debug|x64.ActiveCfg = Debug|x64
		{8785C02F-C8C9-43B8-B300-B64DF8032C88}.ICU Debug|x64.Build.0 = Debug|x64
		{8785C02F-C8C9-43B8-B300-B64DF8032C88}.ICU Release|Win32.ActiveCfg = Release|Win32
		{8785C02F-C8C9-43B8-B300-B64DF8032C88}.ICU Release|Win32.Build.0 = Release|Win32
		{8785C02F-C8C9-43B8-B300-B64DF8032C88}.ICU Release|x64.ActiveCfg = Release|x64
		{8785C02F-C8C9-43B8-B300-B64DF8032C88}.ICU Release|x64.Build.0 = Release|x64
		{8785C02F-C8C9-43B8-B300-B64DF8032C88}.Release|Win32.ActiveCfg = Release|Win32
		{8785C02F-C8C9-43B8-B300-B64DF8032C88}.Release|Win32.Build.0 = Release|Win32
		{8785C02F-C8C9-43B8-B300-B64DF8032C88}.Release|x64.ActiveCfg = Release|x64
		{8785C02F-C8C9-43B8-B300-B64DF8032C88}.Release|x64.Build.0 = Release|x64
		{8785C02F-C8C9-43B8-B300-B64DF8032C88}.Static Debug|Win32.ActiveCfg = Debug|Win32
		{8785C02F-C8C9-43B8-B300-B64DF8032C88}.Static Debug|Win32.Build.0 = Debug|Win32
		{8785C02F-C8C9-43B8-B300-B64DF8032C88}.Static Debug|x64.ActiveCfg = Debug|x64
		{8785C02F-C8C9-43B8-B300-B64DF8032C88}.Static Debug|x64.Build.0 = Debug|x64
		{8785C02F-C8C9-43B8-B300-B64DF8032C88}.Static Release|Win32.ActiveCfg = Release|Win32
		{8785C02F-C8C9-43B8-B300-B64DF8032C88}.Static Release|Win32.Build.0 = Release|Win32
		{8785C02F-C8C9-43B8-B300-B64DF8032C88}.Static Release|x64.ActiveCfg = Release|x64
		{8785C02F-C8C9-43B8-B300-B64DF8032C88}.Static Release|x64.Build.0 = Release|x64
		{8785C02F-C8C9-43B8-B300-B64DF8032C88}.Template|Win32.ActiveCfg = Release|Win32
		{8785C02F-C8C9-43B8-B300-B64DF8032C88}.Template|Win32.Build.0 = Release|Win32
		{8785C02F-C8C9-43B8-B300-B64DF8032C88}.Template|x64.ActiveCfg = Release|x64
		{8785C02F-C8C9-43B8-B300-B64DF8032C88}.Template|x64.Build.0 = Release|x64
		{A32B6BB3-4A3B-415E-A035-B466C42AC498}.Debug|Win32.ActiveCfg = Debug|Win32
		{A32B6BB3-4A3B-415E-A035-B466C42AC498}.Debug|Win32.Build.0 = Debug|Win32
		{A32B6BB3-4A3B-415E-A035-B466C42AC498}.Debug|x64.ActiveCfg = Debug|x64
		{A32B6BB3-4A3B-415E-A035-B466C42AC498}.Debug|x64.Build.0 = Debug|x64
		{A32B6BB3-4A3B-415E-A035-B466C42AC498}.ICU Debug|Win32.ActiveCfg = Debug|Win32
		{A32B6BB3-4A3B-415E-A035-B466C42AC498}.ICU Debug|Win32.Build.0 = Debug|Win32
		{A32B6BB3-4A3B-415E-A035-B466C42AC498}.ICU Debug|x64.ActiveCfg = Debug|x64
		{A32B6BB3-4A3B-415E-A035-B466C42AC498}.ICU Debug|x64.Build.0 = Debug|x64
		{A32B6BB3-4A3B-415E-A035-B466C42AC498}.ICU Release|Win32.ActiveCfg = Release|Win32
		{A32B6BB3-4A3B-415E-A035-B466C42AC498}.ICU Release|Win32.Build.0 = Release|Win32
		{A32B6BB3-4A3B-415E-A035-B466C42AC498}.ICU Release|x64.ActiveCfg = Release|x64
		{A32B6BB3-4A3B-415E-A035-B466C42AC498}.ICU Release|x64.Build.0 = Release|x64
		{A32B6BB3-4A3B-415E-A035-B466C42AC498}.Release|Win32.ActiveCfg = Release|Win32
		{A32B6BB3-4A3B-415E-A035-B466C42AC498}.Release|Win32.Build.0 = Release|Win32
		{A32B6BB3-4A3B-415E-A035-B466C42AC498}.Release|x64.ActiveCfg = Release|x64
		{A32B6BB3-4A3B-415E-A035-B466C42AC498}.Release|x64.Build.0 = Release|x64
		{A32B6BB3-4A3B-415E-A035-B466C42AC498}.Static Debug|Win32.ActiveCfg = Debug|Win32
		{A32B6BB3-4A3B-415E-A035-B466C42AC498}.Static Debug|Win32.Build.0 = Debug|Win32
		{A32B6BB3-4A3B-415E-A035-B466C42AC498}.Static Debug|x64.ActiveCfg = Debug|x64
		{A32B6BB3-4A3B-415E-A035-B466C42AC498}.Static Debug|x64.Build.0 = Debug|x64
		{A32B6BB3-4A3B-415E-A035-B466C42AC498}.Static Release|Win32.ActiveCfg = Release|Win32
		{A32B6BB3-4A3B-415E-A035-B466C42AC498}.Static Release|Win32.Build.0 = Release|Win32
		{A32B6BB3-4A3B-415E-A035-B466C42AC498}.Static Release|x64.ActiveCfg = Release|x64
		{A32B6BB3-4A3B-415E-A035-B466C42AC498}.Static Release|x64.Build.0 = Release|x64
		{A32B6BB3-4A3B-415E-A035-B466C42AC498}.Template|Win32.ActiveCfg = Release|Win32
		{A32B6BB3-4A3B-415E-A035-B466C42AC498}.Template|Win32.Build.0 = Release|Win32
		{A32B6BB3-4A3B-415E-A035-B466C42AC498}.Template|x64.ActiveCfg = Release|x64
		{A32B6BB3-4A3B-415E-A035-B466C42AC498}.Template|x64.Build.0 = Release|x64
		{2EB3990F-5710-4ACF-B5F8-B3D48F10CD73}.Debug|Win32.ActiveCfg = Debug|Win32
		{2EB3990F-5710-4ACF-B5F8-B3D48F10CD73}.Debug|Win32.Build.0 = Debug|Win32
		{2EB3990F-5710-4ACF-B5F8-B3D48F10CD73}.Debug|x64.ActiveCfg = Debug|x64
		{2EB3990F-5710-4ACF-B5F8-B3D48F10CD73}.Debug|x64.Build.0 = Debug|x64
		{2EB3990F-5710-4ACF-B5F8-B3D48F10CD73}.ICU Debug|Win32.ActiveCfg = Debug|Win32
		{2EB3990F-5710-4ACF-B5F8-B3D48F10CD73}.ICU Debug|Win32.Build.0 = Debug|Win32
		{2EB3990F-5710-4ACF-B5F8-B3D48F10CD73}.ICU Debug|x64.ActiveCfg = Debug|x64
		{2EB3990F-5710-4ACF-B5F8-B3D48F10CD73}.ICU Debug|x64.Build.0 = Debug|x64
		{2EB3990F-5710-4ACF-B5F8-B3D48F10CD73}.ICU Release|Win32.ActiveCfg = Release|Win32
		{2EB3990F-5710-4ACF-B5F8-B3D48F10CD73}.ICU Release|Win32.Build.0 = Release|Win32
		{2EB3990F-5710-4ACF-B5F8-B3D48F10CD73}.ICU Release|x64.ActiveCfg = Release|x64
		{2EB3990F-5710-4ACF-B5F8-B3D48F10CD73}.ICU Release|x64.Build.0 = Release|x64
		{2EB3990F-5710-4ACF-B5F8-B3D48F10CD73}.Release|Win32.ActiveCfg = Release|Win32
		{2EB3990F-5710-4ACF-B5F8-B3D48F10CD73}.Release|Win32.Build.0 = Release|Win32
		{2EB3990F-5710-4ACF-B5F8-B3D48F10CD73}.Release|x64.ActiveCfg = Release|x64
		{2EB3990F-5710-4ACF-B5F8-B3D48F10CD73}.Release|x64.Build.0 = Release|x64
		{2EB3990F-5710-4ACF-B5F8-B3D48F10CD73}.Static Debug|Win32.ActiveCfg = Debug|Win32
		{2EB3990F-5710-4ACF-B5F8-B3D48F10CD73}.Static Debug|Win32.Build.0 = Debug|Win32
		{2EB3990F-5710-4ACF-B5F8-B3D48F10CD73}.Static Debug|x64.ActiveCfg = Debug|x64
		{2EB3990F-5710-4ACF-B5F8-B3D48F10CD73}.Static Debug|x64.Build.0 = Debug|x64
		{2EB3990F-5710-4ACF-B5F8-B3D48F10CD73}.Static Release|Win32.ActiveCfg = Release|Win32
		{2EB3990F-5710-4ACF-B5F8-B3D48F10CD73}.Static Release|Win32.Build.0 = Release|Win32
		{2EB3990F-5710-4ACF-B5F8-B3D48F10CD73}.Static Release|x64.ActiveCfg = Release|x64
		{2EB3990F-5710-4ACF-B5F8-B3D48F10CD73}.Static Release|x64.Build.0 = Release|x64
		{2EB3990F-5710-4ACF-B5F8-B3D48F10CD73}.Template|Win32.ActiveCfg = Release|Win32
		{2EB3990F-5710-4ACF-B5F8-B3D48F10CD73}.Template|Win32.Build.0 = Release|Win32
		{2EB3990F-5710-4ACF-B5F8-B3D48F10CD73}.Template|x64.ActiveCfg = Release|x64
		{2EB3990F-5710-4ACF-B5F8-B3D48F10CD73}.Template|x64.Build.0 = Release|x64
		{C406DAEC-0886-4771-8DEA-9D7329B46CC1}.Debug|Win32.ActiveCfg = Debug|Win32
		{C406DAEC-0886-4771-8DEA-9D7329B46CC1}.Debug|Win32.Build.0 = Debug|Win32
		{C406DAEC-0886-4771-8DEA-9D7329B46CC1}.Debug|x64.ActiveCfg = Debug|x64
		{C406DAEC-0886-4771-8DEA-9D7329B46CC1}.Debug|x64.Build.0 = Debug|x64
		{C406DAEC-0886-4771-8DEA-9D7329B46CC1}.ICU Debug|Win32.ActiveCfg = Debug|Win32
		{C406DAEC-0886-4771-8DEA-9D7329B46CC1}.ICU Debug|Win32.Build.0 = Debug|Win32
		{C406DAEC-0886-4771-8DEA-9D7329B46CC1}.ICU Debug|x64.ActiveCfg = Debug|x64
		{C406DAEC-0886-4771-8DEA-9D7329B46CC1}.ICU Debug|x64.Build.0 = Debug|x64
		{C406DAEC-0886-4771-8DEA-9D7329B46CC1}.ICU Release|Win32.ActiveCfg = Release|Win32
		{C406DAEC-0886-4771-8DEA-9D7329B46CC1}.ICU Release|Win32.Build.0 = Release|Win32
		{C406DAEC-0886-4771-8DEA-9D7329B46CC1}.ICU Release|x64.ActiveCfg = Release|x64
		{C406DAEC-0886-4771-8DEA-9D7329B46CC1}.ICU Release|x64.Build.0 = Release|x64
		{C406DAEC-0886-4771-8DEA-9D7329B46CC1}.Release|Win32.ActiveCfg = Release|Win32
		{C406DAEC-0886-4771-8DEA-9D7329B46CC1}.Release|Win32.Build.0 = Release|Win32
		{C406DAEC-0886-4771-8DEA-9D7329B46CC1}.Release|x64.ActiveCfg = Release|x64
		{C406DAEC-0886-4771-8DEA-9D7329B46CC1}.Release|x64.Build.0 = Release|x64
		{C406DAEC-0886-4771-8DEA-9D7329B46CC1}.Static Debug|Win32.ActiveCfg = Debug|Win32
		{C406DAEC-0886-4771-8DEA-9D7329B46CC1}.Static Debug|Win32.Build.0 = Debug|Win32
		{C406DAEC-0886-4771-8DEA-9D7329B46CC1}.Static Debug|x64.ActiveCfg = Debug|x64
		{C406DAEC-0886-4771-8DEA-9D7329B46CC1}.Static Debug|x64.Build.0 = Debug|x64
		{C406DAEC-0886-4771-8DEA-9D7329B46CC1}.Static Release|Win32.ActiveCfg = Release|Win32
		{C406DAEC-0886-4771-8DEA-9D7329B46CC1}.Static Release|Win32.Build.0 = Release|Win32
		{C406DAEC-0886-4771-8DEA-9D7329B46CC1}.Static Release|x64.ActiveCfg = Release|x64
		{C406DAEC-0886-4771-8DEA-9D7329B46CC1}.Static Release|x64.Build.0 = Release|x64
		{C406DAEC-0886-4771-8DEA-9D7329B46CC1}.Template|Win32.ActiveCfg = Release|Win32
		{C406DAEC-0886-4771-8DEA-9D7329B46CC1}.Template|Win32.Build.0 = Release|Win32
		{C406DAEC-0886-4771-8DEA-9D7329B46CC1}.Template|x64.ActiveCfg = Release|x64
		{C406DAEC-0886-4771-8DEA-9D7329B46CC1}.Template|x64.Build.0 = Release|x64
	EndGlobalSection
	GlobalSection(SolutionProperties) = preSolution
		HideSolutionNode = FALSE
	EndGlobalSection
	GlobalSection(NestedProjects) = preSolution
		{17ACBE69-2760-4BBB-9145-854C1180A889} = {3C4C0C99-1B93-4B36-9D93-E1D5412B90B3}
		{E7CB76AA-6113-46BA-8EBC-8AE1D2B81210} = {62BA403B-53FA-4460-98FF-386271CDB465}
		{D0087BEB-3E7B-4004-BD4A-E4D071CF8D92} = {D09802E0-0EEC-4BD0-98C5-8DA7365AA4D6}
		{B0E65BCB-863E-42C4-9043-B48264DE4ACA} = {BD299411-4C79-454E-AC79-A0A716A3203B}
		{CA6C5477-43F6-4EC9-A1BA-07FB9B4C2762} = {62BA403B-53FA-4460-98FF-386271CDB465}
		{B39ED2B3-D53A-4077-B957-930979A3577D} = {D09802E0-0EEC-4BD0-98C5-8DA7365AA4D6}
		{5E1D4E5F-E10C-4BA3-B663-F33014FD21D9} = {D09802E0-0EEC-4BD0-98C5-8DA7365AA4D6}
		{912A2D43-35A3-4AF2-B2EB-0D81EFFDA6DC} = {D09802E0-0EEC-4BD0-98C5-8DA7365AA4D6}
		{E3536C28-A7F1-4B53-8E52-7D2232F9E098} = {D09802E0-0EEC-4BD0-98C5-8DA7365AA4D6}
		{7DB10B50-CE00-4D7A-B322-6824F05D2FCB} = {D09802E0-0EEC-4BD0-98C5-8DA7365AA4D6}
		{07F662C1-1323-42AB-B6AF-FBFD34A7437A} = {D09802E0-0EEC-4BD0-98C5-8DA7365AA4D6}
		{431E3F3F-7C4D-430A-B8F1-4F165DB64EDC} = {D09802E0-0EEC-4BD0-98C5-8DA7365AA4D6}
		{17A4874B-0606-4687-90B6-F91F8CB3B8AF} = {D09802E0-0EEC-4BD0-98C5-8DA7365AA4D6}
		{3FD09A6A-DFF3-49F8-9E6A-243337CA1CB5} = {D09802E0-0EEC-4BD0-98C5-8DA7365AA4D6}
		{026B2C9F-6D29-4931-A116-FDE55CF84F44} = {DC269A06-1394-49F3-B4CA-2148704339EE}
		{F1FFFB47-2F92-44C0-AEC3-7334A12315BF} = {DC269A06-1394-49F3-B4CA-2148704339EE}
		{8785C02F-C8C9-43B8-B300-B64DF8032C88} = {6B5F83BC-B05E-4BD1-ACD0-535FF9A4BD3C}
		{A32B6BB3-4A3B-415E-A035-B466C42AC498} = {6B5F83BC-B05E-4BD1-ACD0-535FF9A4BD3C}
		{2EB3990F-5710-4ACF-B5F8-B3D48F10CD73} = {6B5F83BC-B05E-4BD1-ACD0-535FF9A4BD3C}
		{C406DAEC-0886-4771-8DEA-9D7329B46CC1} = {DC269A06-1394-49F3-B4CA-2148704339EE}
	EndGlobalSection
EndGlobal
