<?xml version="1.0" encoding="utf-8"?>
<Project ToolsVersion="4.0" xmlns="http://schemas.microsoft.com/developer/msbuild/2003">
  <ItemGroup>
    <Filter Include="Source Files">
      <UniqueIdentifier>{4FC737F1-C7A5-4376-A066-2A32D752A2FF}</UniqueIdentifier>
      <Extensions>cpp;c;cc;cxx;def;odl;idl;hpj;bat;asm;asmx</Extensions>
    </Filter>
    <Filter Include="Header Files">
      <UniqueIdentifier>{93995380-89BD-4b04-88EB-625FBE52EBFB}</UniqueIdentifier>
      <Extensions>h;hpp;hxx;hm;inl;inc;xsd</Extensions>
    </Filter>
    <Filter Include="Resource Files">
      <UniqueIdentifier>{67DA6AB6-F800-4c08-8B7A-83BB121AAD01}</UniqueIdentifier>
      <Extensions>rc;ico;cur;bmp;dlg;rc2;rct;bin;rgs;gif;jpg;jpeg;jpe;resx;tiff;tif;png;wav</Extensions>
    </Filter>
    <Filter Include="Common">
      <UniqueIdentifier>{d4188c56-0e32-4aa2-b7b3-6afc27ff1a5b}</UniqueIdentifier>
    </Filter>
    <Filter Include="Math">
      <UniqueIdentifier>{ca33710a-1706-4741-a14c-1f608b3b27eb}</UniqueIdentifier>
    </Filter>
    <Filter Include="GUI">
      <UniqueIdentifier>{64cf8131-a06b-4e09-8dea-4eb328ea7ee7}</UniqueIdentifier>
    </Filter>
    <Filter Include="Input">
      <UniqueIdentifier>{0b38ca8b-fe14-44a5-ab2a-3f806321d113}</UniqueIdentifier>
    </Filter>
    <Filter Include="Render">
      <UniqueIdentifier>{32ae7945-f0e3-4a88-a7a4-b7007c642d39}</UniqueIdentifier>
    </Filter>
    <Filter Include="EngineCore">
      <UniqueIdentifier>{c58bcc3b-62a3-4694-a03c-6c8e262f578a}</UniqueIdentifier>
    </Filter>
    <Filter Include="EngineUtils">
      <UniqueIdentifier>{357522f9-1d7a-46f6-af0b-a7d85b874a7e}</UniqueIdentifier>
    </Filter>
    <Filter Include="Render\Render_D3D11">
      <UniqueIdentifier>{246df77c-146e-4c54-9833-8478e6afa119}</UniqueIdentifier>
    </Filter>
  </ItemGroup>
  <ItemGroup>
    <ClCompile Include="GlobleFunc.cpp">
      <Filter>Source Files</Filter>
    </ClCompile>
    <ClCompile Include="stdafx.cpp">
      <Filter>Source Files</Filter>
    </ClCompile>
    <ClCompile Include="TConfigFile.cpp">
      <Filter>Common</Filter>
    </ClCompile>
    <ClCompile Include="TDateTime.cpp">
      <Filter>Common</Filter>
    </ClCompile>
    <ClCompile Include="TLog.cpp">
      <Filter>Common</Filter>
    </ClCompile>
    <ClCompile Include="TLuaBase.cpp">
      <Filter>Common</Filter>
    </ClCompile>
    <ClCompile Include="TMemFile.cpp">
      <Filter>Common</Filter>
    </ClCompile>
    <ClCompile Include="TTxtFileReader.cpp">
      <Filter>Common</Filter>
    </ClCompile>
    <ClCompile Include="TZip.cpp">
      <Filter>Common</Filter>
    </ClCompile>
    <ClCompile Include="TString.cpp">
      <Filter>Common</Filter>
    </ClCompile>
    <ClCompile Include="TLGUIContainer.cpp">
      <Filter>GUI</Filter>
    </ClCompile>
    <ClCompile Include="TLGUICtrl.cpp">
      <Filter>GUI</Filter>
    </ClCompile>
    <ClCompile Include="TLGUIFont.cpp">
      <Filter>GUI</Filter>
    </ClCompile>
    <ClCompile Include="TLGUIFontManager.cpp">
      <Filter>GUI</Filter>
    </ClCompile>
    <ClCompile Include="TLGUIMgr.cpp">
      <Filter>GUI</Filter>
    </ClCompile>
    <ClCompile Include="TLGUIPicture.cpp">
      <Filter>GUI</Filter>
    </ClCompile>
    <ClCompile Include="TLGUIText.cpp">
      <Filter>GUI</Filter>
    </ClCompile>
    <ClCompile Include="TLGUITextureMgr.cpp">
      <Filter>GUI</Filter>
    </ClCompile>
    <ClCompile Include="TLInputMsgMgr.cpp">
      <Filter>Input</Filter>
    </ClCompile>
    <ClCompile Include="TLIResObject.cpp">
      <Filter>EngineCore</Filter>
    </ClCompile>
    <ClCompile Include="TLRenderMgr.cpp">
      <Filter>Render</Filter>
    </ClCompile>
    <ClCompile Include="TLResMgr.cpp">
      <Filter>EngineCore</Filter>
    </ClCompile>
    <ClCompile Include="TLTriangle.cpp">
      <Filter>EngineCore</Filter>
    </ClCompile>
    <ClCompile Include="TTimer.cpp">
      <Filter>EngineUtils</Filter>
    </ClCompile>
    <ClCompile Include="TLLoopCtrl.cpp">
      <Filter>EngineUtils</Filter>
    </ClCompile>
    <ClCompile Include="TLGlobleClass.cpp">
      <Filter>EngineUtils</Filter>
    </ClCompile>
    <ClCompile Include="TLRenderDevice_D3D11.cpp">
      <Filter>Render\Render_D3D11</Filter>
    </ClCompile>
    <ClCompile Include="TLRenderDeviceUsedBuffer_D3D11.cpp">
      <Filter>Render\Render_D3D11</Filter>
    </ClCompile>
    <ClCompile Include="TLRenderDeviceUsedTex1D_D3D11.cpp">
      <Filter>Render\Render_D3D11</Filter>
    </ClCompile>
    <ClCompile Include="TLRenderDeviceUsedTex2D_D3D11.cpp">
      <Filter>Render\Render_D3D11</Filter>
    </ClCompile>
    <ClCompile Include="TLRenderDeviceUsedTex3D_D3D11.cpp">
      <Filter>Render\Render_D3D11</Filter>
    </ClCompile>
    <ClCompile Include="TLRenderDeviceUsedSRV_D3D11.cpp">
      <Filter>Render\Render_D3D11</Filter>
    </ClCompile>
    <ClCompile Include="TLRenderDeviceUsedDSV_D3D11.cpp">
      <Filter>Render\Render_D3D11</Filter>
    </ClCompile>
    <ClCompile Include="TLRenderDeviceUsedRTV_D3D11.cpp">
      <Filter>Render\Render_D3D11</Filter>
    </ClCompile>
    <ClCompile Include="TLRenderDeviceUsedUAV_D3D11.cpp">
      <Filter>Render\Render_D3D11</Filter>
    </ClCompile>
    <ClCompile Include="TLRenderDeviceUsedVS_D3D11.cpp">
      <Filter>Render\Render_D3D11</Filter>
    </ClCompile>
    <ClCompile Include="TLRenderDeviceUsedHS_D3D11.cpp">
      <Filter>Render\Render_D3D11</Filter>
    </ClCompile>
    <ClCompile Include="TLRenderDeviceUsedDS_D3D11.cpp">
      <Filter>Render\Render_D3D11</Filter>
    </ClCompile>
    <ClCompile Include="TLRenderDeviceUsedGS_D3D11.cpp">
      <Filter>Render\Render_D3D11</Filter>
    </ClCompile>
    <ClCompile Include="TLRenderDeviceUsedPS_D3D11.cpp">
      <Filter>Render\Render_D3D11</Filter>
    </ClCompile>
    <ClCompile Include="TLRenderDeviceUsedCS_D3D11.cpp">
      <Filter>Render\Render_D3D11</Filter>
    </ClCompile>
    <ClCompile Include="TLRenderDeviceUsedSamplerState_D3D11.cpp">
      <Filter>Render\Render_D3D11</Filter>
    </ClCompile>
    <ClCompile Include="TLRenderDeviceUsedDepthStencilState_D3D11.cpp">
      <Filter>Render\Render_D3D11</Filter>
    </ClCompile>
    <ClCompile Include="TLRenderDeviceUsedBlendState_D3D11.cpp">
      <Filter>Render\Render_D3D11</Filter>
    </ClCompile>
    <ClCompile Include="TLRenderDeviceUsedRasterizerState_D3D11.cpp">
      <Filter>Render\Render_D3D11</Filter>
    </ClCompile>
    <ClCompile Include="TLRenderDeviceUsedInputLayout_D3D11.cpp">
      <Filter>Render\Render_D3D11</Filter>
    </ClCompile>
    <ClCompile Include="TLRenderDeviceCompiledShader_D3D11.cpp">
      <Filter>Render\Render_D3D11</Filter>
    </ClCompile>
    <ClCompile Include="TLImage.cpp">
      <Filter>EngineCore</Filter>
    </ClCompile>
    <ClCompile Include="TTxtFileWriter.cpp">
      <Filter>Common</Filter>
    </ClCompile>
    <ClCompile Include="TBinaryFileProcessor.cpp">
      <Filter>Common</Filter>
    </ClCompile>
    <ClCompile Include="TDegree.cpp">
      <Filter>Math</Filter>
    </ClCompile>
    <ClCompile Include="TRadian.cpp">
      <Filter>Math</Filter>
    </ClCompile>
    <ClCompile Include="TConvexBody.cpp">
      <Filter>Math</Filter>
    </ClCompile>
  </ItemGroup>
  <ItemGroup>
    <ClInclude Include="GlobleFunc.h">
      <Filter>Header Files</Filter>
    </ClInclude>
    <ClInclude Include="stdafx.h">
      <Filter>Header Files</Filter>
    </ClInclude>
    <ClInclude Include="targetver.h">
      <Filter>Header Files</Filter>
    </ClInclude>
    <ClInclude Include="TAABBbox.h">
      <Filter>Math</Filter>
    </ClInclude>
    <ClInclude Include="TFPU.h">
      <Filter>Math</Filter>
    </ClInclude>
    <ClInclude Include="TLine.h">
      <Filter>Math</Filter>
    </ClInclude>
    <ClInclude Include="TMatrix4x4.h">
      <Filter>Math</Filter>
    </ClInclude>
    <ClInclude Include="TPlane.h">
      <Filter>Math</Filter>
    </ClInclude>
    <ClInclude Include="TQuaternion.h">
      <Filter>Math</Filter>
    </ClInclude>
    <ClInclude Include="TRay.h">
      <Filter>Math</Filter>
    </ClInclude>
    <ClInclude Include="TSphere.h">
      <Filter>Math</Filter>
    </ClInclude>
    <ClInclude Include="TTriangle.h">
      <Filter>Math</Filter>
    </ClInclude>
    <ClInclude Include="TVector2.h">
      <Filter>Math</Filter>
    </ClInclude>
    <ClInclude Include="TVector3.h">
      <Filter>Math</Filter>
    </ClInclude>
    <ClInclude Include="TVector4.h">
      <Filter>Math</Filter>
    </ClInclude>
    <ClInclude Include="TArray.h">
      <Filter>Common</Filter>
    </ClInclude>
    <ClInclude Include="TAutoPtr.h">
      <Filter>Common</Filter>
    </ClInclude>
    <ClInclude Include="TCommonTypeDef.h">
      <Filter>Common</Filter>
    </ClInclude>
    <ClInclude Include="TConfigFile.h">
      <Filter>Common</Filter>
    </ClInclude>
    <ClInclude Include="TDateTime.h">
      <Filter>Common</Filter>
    </ClInclude>
    <ClInclude Include="THashtable.h">
      <Filter>Common</Filter>
    </ClInclude>
    <ClInclude Include="TList.h">
      <Filter>Common</Filter>
    </ClInclude>
    <ClInclude Include="TLock.h">
      <Filter>Common</Filter>
    </ClInclude>
    <ClInclude Include="TLog.h">
      <Filter>Common</Filter>
    </ClInclude>
    <ClInclude Include="TLuaBase.h">
      <Filter>Common</Filter>
    </ClInclude>
    <ClInclude Include="TMemFile.h">
      <Filter>Common</Filter>
    </ClInclude>
    <ClInclude Include="TMutex.h">
      <Filter>Common</Filter>
    </ClInclude>
    <ClInclude Include="TSharedPtr.h">
      <Filter>Common</Filter>
    </ClInclude>
    <ClInclude Include="TSingleton.h">
      <Filter>Common</Filter>
    </ClInclude>
    <ClInclude Include="TString.h">
      <Filter>Common</Filter>
    </ClInclude>
    <ClInclude Include="TTxtFileReader.h">
      <Filter>Common</Filter>
    </ClInclude>
    <ClInclude Include="TZip.h">
      <Filter>Common</Filter>
    </ClInclude>
    <ClInclude Include="KeyCodeDef.h">
      <Filter>Input</Filter>
    </ClInclude>
    <ClInclude Include="TLInputMsgMgr.h">
      <Filter>Input</Filter>
    </ClInclude>
    <ClInclude Include="TLGUIContainer.h">
      <Filter>GUI</Filter>
    </ClInclude>
    <ClInclude Include="TLGUICtrl.h">
      <Filter>GUI</Filter>
    </ClInclude>
    <ClInclude Include="TLGUIDefine.h">
      <Filter>GUI</Filter>
    </ClInclude>
    <ClInclude Include="TLGUIFont.h">
      <Filter>GUI</Filter>
    </ClInclude>
    <ClInclude Include="TLGUIFontManager.h">
      <Filter>GUI</Filter>
    </ClInclude>
    <ClInclude Include="TLGUIMgr.h">
      <Filter>GUI</Filter>
    </ClInclude>
    <ClInclude Include="TLGUIPicture.h">
      <Filter>GUI</Filter>
    </ClInclude>
    <ClInclude Include="TLGUIText.h">
      <Filter>GUI</Filter>
    </ClInclude>
    <ClInclude Include="TLGUITextureMgr.h">
      <Filter>GUI</Filter>
    </ClInclude>
    <ClInclude Include="TLIGUIListener.h">
      <Filter>GUI</Filter>
    </ClInclude>
    <ClInclude Include="TLIRenderDevice.h">
      <Filter>Render</Filter>
    </ClInclude>
    <ClInclude Include="TLRenderMgr.h">
      <Filter>Render</Filter>
    </ClInclude>
    <ClInclude Include="TLTriangle.h">
      <Filter>EngineCore</Filter>
    </ClInclude>
    <ClInclude Include="TLIResObject.h">
      <Filter>EngineCore</Filter>
    </ClInclude>
    <ClInclude Include="TLResMgr.h">
      <Filter>EngineCore</Filter>
    </ClInclude>
    <ClInclude Include="TTimer.h">
      <Filter>EngineUtils</Filter>
    </ClInclude>
    <ClInclude Include="TLLoopCtrl.h">
      <Filter>EngineUtils</Filter>
    </ClInclude>
    <ClInclude Include="TLGlobleClass.h">
      <Filter>EngineUtils</Filter>
    </ClInclude>
    <ClInclude Include="TLIRenderDeviceUsed.h">
      <Filter>Render</Filter>
    </ClInclude>
    <ClInclude Include="TLIRenderDeviceUsedResource.h">
      <Filter>Render</Filter>
    </ClInclude>
    <ClInclude Include="TLIRenderDeviceUsedBuffer.h">
      <Filter>Render</Filter>
    </ClInclude>
    <ClInclude Include="TLIRenderDeviceUsedTex1D.h">
      <Filter>Render</Filter>
    </ClInclude>
    <ClInclude Include="TLIRenderDeviceUsedTex2D.h">
      <Filter>Render</Filter>
    </ClInclude>
    <ClInclude Include="TLIRenderDeviceUsedTex3D.h">
      <Filter>Render</Filter>
    </ClInclude>
    <ClInclude Include="TLIRenderDeviceUsedView.h">
      <Filter>Render</Filter>
    </ClInclude>
    <ClInclude Include="TLIRenderDeviceUsedSRV.h">
      <Filter>Render</Filter>
    </ClInclude>
    <ClInclude Include="TLIRenderDeviceUsedDSV.h">
      <Filter>Render</Filter>
    </ClInclude>
    <ClInclude Include="TLIRenderDeviceUsedRTV.h">
      <Filter>Render</Filter>
    </ClInclude>
    <ClInclude Include="TLIRenderDeviceUsedUAV.h">
      <Filter>Render</Filter>
    </ClInclude>
    <ClInclude Include="TLIRenderDeviceUsedVS.h">
      <Filter>Render</Filter>
    </ClInclude>
    <ClInclude Include="TLIRenderDeviceUsedHS.h">
      <Filter>Render</Filter>
    </ClInclude>
    <ClInclude Include="TLIRenderDeviceUsedDS.h">
      <Filter>Render</Filter>
    </ClInclude>
    <ClInclude Include="TLIRenderDeviceUsedGS.h">
      <Filter>Render</Filter>
    </ClInclude>
    <ClInclude Include="TLIRenderDeviceUsedPS.h">
      <Filter>Render</Filter>
    </ClInclude>
    <ClInclude Include="TLIRenderDeviceUsedCS.h">
      <Filter>Render</Filter>
    </ClInclude>
    <ClInclude Include="TLIRenderDeviceUsedSamplerState.h">
      <Filter>Render</Filter>
    </ClInclude>
    <ClInclude Include="TLIRenderDeviceUsedBlendState.h">
      <Filter>Render</Filter>
    </ClInclude>
    <ClInclude Include="TLIRenderDeviceUsedDepthStencilState.h">
      <Filter>Render</Filter>
    </ClInclude>
    <ClInclude Include="TLIRenderDeviceUsedRasterizerState.h">
      <Filter>Render</Filter>
    </ClInclude>
    <ClInclude Include="TLIRenderDeviceUsedInputLayout.h">
      <Filter>Render</Filter>
    </ClInclude>
    <ClInclude Include="TLRenderDevice_D3D11.h">
      <Filter>Render\Render_D3D11</Filter>
    </ClInclude>
    <ClInclude Include="TLRenderDeviceUsedBuffer_D3D11.h">
      <Filter>Render\Render_D3D11</Filter>
    </ClInclude>
    <ClInclude Include="TLRenderDeviceUsedTex1D_D3D11.h">
      <Filter>Render\Render_D3D11</Filter>
    </ClInclude>
    <ClInclude Include="TLRenderDeviceUsedTex2D_D3D11.h">
      <Filter>Render\Render_D3D11</Filter>
    </ClInclude>
    <ClInclude Include="TLRenderDeviceUsedTex3D_D3D11.h">
      <Filter>Render\Render_D3D11</Filter>
    </ClInclude>
    <ClInclude Include="TLRenderDeviceUsedSRV_D3D11.h">
      <Filter>Render\Render_D3D11</Filter>
    </ClInclude>
    <ClInclude Include="TLRenderDeviceUsedDSV_D3D11.h">
      <Filter>Render\Render_D3D11</Filter>
    </ClInclude>
    <ClInclude Include="TLRenderDeviceUsedRTV_D3D11.h">
      <Filter>Render\Render_D3D11</Filter>
    </ClInclude>
    <ClInclude Include="TLRenderDeviceUsedUAV_D3D11.h">
      <Filter>Render\Render_D3D11</Filter>
    </ClInclude>
    <ClInclude Include="TLRenderDeviceUsedVS_D3D11.h">
      <Filter>Render\Render_D3D11</Filter>
    </ClInclude>
    <ClInclude Include="TLRenderDeviceUsedHS_D3D11.h">
      <Filter>Render\Render_D3D11</Filter>
    </ClInclude>
    <ClInclude Include="TLRenderDeviceUsedDS_D3D11.h">
      <Filter>Render\Render_D3D11</Filter>
    </ClInclude>
    <ClInclude Include="TLRenderDeviceUsedPS_D3D11.h">
      <Filter>Render\Render_D3D11</Filter>
    </ClInclude>
    <ClInclude Include="TLRenderDeviceUsedGS_D3D11.h">
      <Filter>Render\Render_D3D11</Filter>
    </ClInclude>
    <ClInclude Include="TLRenderDeviceUsedCS_D3D11.h">
      <Filter>Render\Render_D3D11</Filter>
    </ClInclude>
    <ClInclude Include="TLRenderDeviceUsedSamplerState_D3D11.h">
      <Filter>Render\Render_D3D11</Filter>
    </ClInclude>
    <ClInclude Include="TLRenderDeviceUsedDepthStencilState_D3D11.h">
      <Filter>Render\Render_D3D11</Filter>
    </ClInclude>
    <ClInclude Include="TLRenderDeviceUsedBlendState_D3D11.h">
      <Filter>Render\Render_D3D11</Filter>
    </ClInclude>
    <ClInclude Include="TLRenderDeviceUsedRasterizerState_D3D11.h">
      <Filter>Render\Render_D3D11</Filter>
    </ClInclude>
    <ClInclude Include="TLRenderDeviceUsedInputLayout_D3D11.h">
      <Filter>Render\Render_D3D11</Filter>
    </ClInclude>
    <ClInclude Include="TLRenderDef.h">
      <Filter>Render</Filter>
    </ClInclude>
    <ClInclude Include="TLIRenderDeviceUsedResource_D3D11.h">
      <Filter>Render\Render_D3D11</Filter>
    </ClInclude>
    <ClInclude Include="TLIRenderDeviceUsedView_D3D11.h">
      <Filter>Render\Render_D3D11</Filter>
    </ClInclude>
    <ClInclude Include="TLIRenderDeviceCompiledShader.h">
      <Filter>Render</Filter>
    </ClInclude>
    <ClInclude Include="TLRenderDeviceCompiledShader_D3D11.h">
      <Filter>Render\Render_D3D11</Filter>
    </ClInclude>
    <ClInclude Include="TLImage.h">
      <Filter>EngineCore</Filter>
    </ClInclude>
    <ClInclude Include="TTxtFileWriter.h">
      <Filter>Common</Filter>
    </ClInclude>
    <ClInclude Include="TBinaryFileProcessor.h">
      <Filter>Common</Filter>
    </ClInclude>
    <ClInclude Include="TMathUtils.h">
      <Filter>Math</Filter>
    </ClInclude>
    <ClInclude Include="TSimpleSpline.h">
      <Filter>Math</Filter>
    </ClInclude>
    <ClInclude Include="TMatrix3x3.h">
      <Filter>Math</Filter>
    </ClInclude>
    <ClInclude Include="TRotationalSpline.h">
      <Filter>Math</Filter>
    </ClInclude>
    <ClInclude Include="TRadian.h">
      <Filter>Math</Filter>
    </ClInclude>
    <ClInclude Include="TDegree.h">
      <Filter>Math</Filter>
    </ClInclude>
    <ClInclude Include="TDualQuaternion.h">
      <Filter>Math</Filter>
    </ClInclude>
    <ClInclude Include="TPlaneBoundedVolume.h">
      <Filter>Math</Filter>
    </ClInclude>
    <ClInclude Include="TPolygon.h">
      <Filter>Math</Filter>
    </ClInclude>
    <ClInclude Include="TConvexBody.h">
      <Filter>Math</Filter>
    </ClInclude>
  </ItemGroup>
  <ItemGroup>
    <None Include="ReadMe.txt" />
  </ItemGroup>
</Project>