<?xml version="1.0" encoding="utf-8"?>
<Project ToolsVersion="4.0" xmlns="http://schemas.microsoft.com/developer/msbuild/2003">
  <ItemGroup>
    <Filter Include="Source Files">
      <UniqueIdentifier>{4FC737F1-C7A5-4376-A066-2A32D752A2FF}</UniqueIdentifier>
      <Extensions>cpp;c;cc;cxx;def;odl;idl;hpj;bat;asm;asmx</Extensions>
    </Filter>
    <Filter Include="Header Files">
      <UniqueIdentifier>{93995380-89BD-4b04-88EB-625FBE52EBFB}</UniqueIdentifier>
      <Extensions>h;hpp;hxx;hm;inl;inc;xsd</Extensions>
    </Filter>
    <Filter Include="Resource Files">
      <UniqueIdentifier>{67DA6AB6-F800-4c08-8B7A-83BB121AAD01}</UniqueIdentifier>
      <Extensions>rc;ico;cur;bmp;dlg;rc2;rct;bin;rgs;gif;jpg;jpeg;jpe;resx;tiff;tif;png;wav</Extensions>
    </Filter>
    <Filter Include="Common">
      <UniqueIdentifier>{d4188c56-0e32-4aa2-b7b3-6afc27ff1a5b}</UniqueIdentifier>
    </Filter>
    <Filter Include="Math">
      <UniqueIdentifier>{ca33710a-1706-4741-a14c-1f608b3b27eb}</UniqueIdentifier>
    </Filter>
    <Filter Include="GUI">
      <UniqueIdentifier>{64cf8131-a06b-4e09-8dea-4eb328ea7ee7}</UniqueIdentifier>
    </Filter>
    <Filter Include="Render">
      <UniqueIdentifier>{32ae7945-f0e3-4a88-a7a4-b7007c642d39}</UniqueIdentifier>
    </Filter>
    <Filter Include="EngineCore">
      <UniqueIdentifier>{c58bcc3b-62a3-4694-a03c-6c8e262f578a}</UniqueIdentifier>
    </Filter>
    <Filter Include="EngineUtils">
      <UniqueIdentifier>{357522f9-1d7a-46f6-af0b-a7d85b874a7e}</UniqueIdentifier>
    </Filter>
    <Filter Include="Render\Render_D3D11">
      <UniqueIdentifier>{246df77c-146e-4c54-9833-8478e6afa119}</UniqueIdentifier>
    </Filter>
  </ItemGroup>
  <ItemGroup>
    <ClCompile Include="TLGUIContainer.cpp">
      <Filter>GUI</Filter>
    </ClCompile>
    <ClCompile Include="TLGUICtrl.cpp">
      <Filter>GUI</Filter>
    </ClCompile>
    <ClCompile Include="TLGUIFont.cpp">
      <Filter>GUI</Filter>
    </ClCompile>
    <ClCompile Include="TLGUIFontManager.cpp">
      <Filter>GUI</Filter>
    </ClCompile>
    <ClCompile Include="TLGUIMgr.cpp">
      <Filter>GUI</Filter>
    </ClCompile>
    <ClCompile Include="TLGUIPicture.cpp">
      <Filter>GUI</Filter>
    </ClCompile>
    <ClCompile Include="TLGUIText.cpp">
      <Filter>GUI</Filter>
    </ClCompile>
    <ClCompile Include="TLGUITextureMgr.cpp">
      <Filter>GUI</Filter>
    </ClCompile>
    <ClCompile Include="TLRenderMgr.cpp">
      <Filter>Render</Filter>
    </ClCompile>
    <ClCompile Include="TLResMgr.cpp">
      <Filter>EngineCore</Filter>
    </ClCompile>
    <ClCompile Include="TLGlobleClass.cpp">
      <Filter>EngineUtils</Filter>
    </ClCompile>
    <ClCompile Include="TLRenderDevice_D3D11.cpp">
      <Filter>Render\Render_D3D11</Filter>
    </ClCompile>
    <ClCompile Include="TLRenderDeviceUsedBuffer_D3D11.cpp">
      <Filter>Render\Render_D3D11</Filter>
    </ClCompile>
    <ClCompile Include="TLRenderDeviceUsedTex1D_D3D11.cpp">
      <Filter>Render\Render_D3D11</Filter>
    </ClCompile>
    <ClCompile Include="TLRenderDeviceUsedTex2D_D3D11.cpp">
      <Filter>Render\Render_D3D11</Filter>
    </ClCompile>
    <ClCompile Include="TLRenderDeviceUsedTex3D_D3D11.cpp">
      <Filter>Render\Render_D3D11</Filter>
    </ClCompile>
    <ClCompile Include="TLRenderDeviceUsedSRV_D3D11.cpp">
      <Filter>Render\Render_D3D11</Filter>
    </ClCompile>
    <ClCompile Include="TLRenderDeviceUsedDSV_D3D11.cpp">
      <Filter>Render\Render_D3D11</Filter>
    </ClCompile>
    <ClCompile Include="TLRenderDeviceUsedRTV_D3D11.cpp">
      <Filter>Render\Render_D3D11</Filter>
    </ClCompile>
    <ClCompile Include="TLRenderDeviceUsedUAV_D3D11.cpp">
      <Filter>Render\Render_D3D11</Filter>
    </ClCompile>
    <ClCompile Include="TLRenderDeviceUsedVS_D3D11.cpp">
      <Filter>Render\Render_D3D11</Filter>
    </ClCompile>
    <ClCompile Include="TLRenderDeviceUsedHS_D3D11.cpp">
      <Filter>Render\Render_D3D11</Filter>
    </ClCompile>
    <ClCompile Include="TLRenderDeviceUsedDS_D3D11.cpp">
      <Filter>Render\Render_D3D11</Filter>
    </ClCompile>
    <ClCompile Include="TLRenderDeviceUsedGS_D3D11.cpp">
      <Filter>Render\Render_D3D11</Filter>
    </ClCompile>
    <ClCompile Include="TLRenderDeviceUsedPS_D3D11.cpp">
      <Filter>Render\Render_D3D11</Filter>
    </ClCompile>
    <ClCompile Include="TLRenderDeviceUsedCS_D3D11.cpp">
      <Filter>Render\Render_D3D11</Filter>
    </ClCompile>
    <ClCompile Include="TLRenderDeviceUsedSamplerState_D3D11.cpp">
      <Filter>Render\Render_D3D11</Filter>
    </ClCompile>
    <ClCompile Include="TLRenderDeviceUsedDepthStencilState_D3D11.cpp">
      <Filter>Render\Render_D3D11</Filter>
    </ClCompile>
    <ClCompile Include="TLRenderDeviceUsedBlendState_D3D11.cpp">
      <Filter>Render\Render_D3D11</Filter>
    </ClCompile>
    <ClCompile Include="TLRenderDeviceUsedRasterizerState_D3D11.cpp">
      <Filter>Render\Render_D3D11</Filter>
    </ClCompile>
    <ClCompile Include="TLRenderDeviceUsedInputLayout_D3D11.cpp">
      <Filter>Render\Render_D3D11</Filter>
    </ClCompile>
    <ClCompile Include="TLRenderDeviceCompiledShader_D3D11.cpp">
      <Filter>Render\Render_D3D11</Filter>
    </ClCompile>
    <ClCompile Include="TLImage.cpp">
      <Filter>EngineCore</Filter>
    </ClCompile>
    <ClCompile Include="TLGlobalFunc.cpp">
      <Filter>Source Files</Filter>
    </ClCompile>
    <ClCompile Include="TLConvexBody.cpp">
      <Filter>Math</Filter>
    </ClCompile>
    <ClCompile Include="TLDegree.cpp">
      <Filter>Math</Filter>
    </ClCompile>
    <ClCompile Include="TLTestTriangle.cpp">
      <Filter>EngineCore</Filter>
    </ClCompile>
    <ClCompile Include="TLRadian.cpp">
      <Filter>Math</Filter>
    </ClCompile>
    <ClCompile Include="TLLoopCtrl.cpp">
      <Filter>Common</Filter>
    </ClCompile>
    <ClCompile Include="TLBinaryFileProcessor.cpp">
      <Filter>Common</Filter>
    </ClCompile>
    <ClCompile Include="TLColorValue.cpp">
      <Filter>Common</Filter>
    </ClCompile>
    <ClCompile Include="TLConfigFile.cpp">
      <Filter>Common</Filter>
    </ClCompile>
    <ClCompile Include="TLDateTime.cpp">
      <Filter>Common</Filter>
    </ClCompile>
    <ClCompile Include="TLLog.cpp">
      <Filter>Common</Filter>
    </ClCompile>
    <ClCompile Include="TLLuaBase.cpp">
      <Filter>Common</Filter>
    </ClCompile>
    <ClCompile Include="TLMemFile.cpp">
      <Filter>Common</Filter>
    </ClCompile>
    <ClCompile Include="TLString.cpp">
      <Filter>Common</Filter>
    </ClCompile>
    <ClCompile Include="TLTimer.cpp">
      <Filter>Common</Filter>
    </ClCompile>
    <ClCompile Include="TLTxtFileReader.cpp">
      <Filter>Common</Filter>
    </ClCompile>
    <ClCompile Include="TLTxtFileWriter.cpp">
      <Filter>Common</Filter>
    </ClCompile>
    <ClCompile Include="TLZip.cpp">
      <Filter>Common</Filter>
    </ClCompile>
    <ClCompile Include="TLResObject.cpp">
      <Filter>EngineCore</Filter>
    </ClCompile>
    <ClCompile Include="TLConsoleInput.cpp">
      <Filter>Common</Filter>
    </ClCompile>
    <ClCompile Include="TLConsole.cpp">
      <Filter>Common</Filter>
    </ClCompile>
    <ClCompile Include="TLConsoleOutput.cpp">
      <Filter>Common</Filter>
    </ClCompile>
    <ClCompile Include="TLUTF8FileReader.cpp">
      <Filter>Common</Filter>
    </ClCompile>
    <ClCompile Include="TLUTF8FileWriter.cpp">
      <Filter>Common</Filter>
    </ClCompile>
  </ItemGroup>
  <ItemGroup>
    <ClInclude Include="TLGUIContainer.h">
      <Filter>GUI</Filter>
    </ClInclude>
    <ClInclude Include="TLGUICtrl.h">
      <Filter>GUI</Filter>
    </ClInclude>
    <ClInclude Include="TLGUIDefine.h">
      <Filter>GUI</Filter>
    </ClInclude>
    <ClInclude Include="TLGUIFont.h">
      <Filter>GUI</Filter>
    </ClInclude>
    <ClInclude Include="TLGUIFontManager.h">
      <Filter>GUI</Filter>
    </ClInclude>
    <ClInclude Include="TLGUIMgr.h">
      <Filter>GUI</Filter>
    </ClInclude>
    <ClInclude Include="TLGUIPicture.h">
      <Filter>GUI</Filter>
    </ClInclude>
    <ClInclude Include="TLGUIText.h">
      <Filter>GUI</Filter>
    </ClInclude>
    <ClInclude Include="TLGUITextureMgr.h">
      <Filter>GUI</Filter>
    </ClInclude>
    <ClInclude Include="TLRenderMgr.h">
      <Filter>Render</Filter>
    </ClInclude>
    <ClInclude Include="TLResMgr.h">
      <Filter>EngineCore</Filter>
    </ClInclude>
    <ClInclude Include="TLGlobleClass.h">
      <Filter>EngineUtils</Filter>
    </ClInclude>
    <ClInclude Include="TLRenderDevice_D3D11.h">
      <Filter>Render\Render_D3D11</Filter>
    </ClInclude>
    <ClInclude Include="TLRenderDeviceUsedBuffer_D3D11.h">
      <Filter>Render\Render_D3D11</Filter>
    </ClInclude>
    <ClInclude Include="TLRenderDeviceUsedTex1D_D3D11.h">
      <Filter>Render\Render_D3D11</Filter>
    </ClInclude>
    <ClInclude Include="TLRenderDeviceUsedTex2D_D3D11.h">
      <Filter>Render\Render_D3D11</Filter>
    </ClInclude>
    <ClInclude Include="TLRenderDeviceUsedTex3D_D3D11.h">
      <Filter>Render\Render_D3D11</Filter>
    </ClInclude>
    <ClInclude Include="TLRenderDeviceUsedSRV_D3D11.h">
      <Filter>Render\Render_D3D11</Filter>
    </ClInclude>
    <ClInclude Include="TLRenderDeviceUsedDSV_D3D11.h">
      <Filter>Render\Render_D3D11</Filter>
    </ClInclude>
    <ClInclude Include="TLRenderDeviceUsedRTV_D3D11.h">
      <Filter>Render\Render_D3D11</Filter>
    </ClInclude>
    <ClInclude Include="TLRenderDeviceUsedUAV_D3D11.h">
      <Filter>Render\Render_D3D11</Filter>
    </ClInclude>
    <ClInclude Include="TLRenderDeviceUsedVS_D3D11.h">
      <Filter>Render\Render_D3D11</Filter>
    </ClInclude>
    <ClInclude Include="TLRenderDeviceUsedHS_D3D11.h">
      <Filter>Render\Render_D3D11</Filter>
    </ClInclude>
    <ClInclude Include="TLRenderDeviceUsedDS_D3D11.h">
      <Filter>Render\Render_D3D11</Filter>
    </ClInclude>
    <ClInclude Include="TLRenderDeviceUsedPS_D3D11.h">
      <Filter>Render\Render_D3D11</Filter>
    </ClInclude>
    <ClInclude Include="TLRenderDeviceUsedGS_D3D11.h">
      <Filter>Render\Render_D3D11</Filter>
    </ClInclude>
    <ClInclude Include="TLRenderDeviceUsedCS_D3D11.h">
      <Filter>Render\Render_D3D11</Filter>
    </ClInclude>
    <ClInclude Include="TLRenderDeviceUsedSamplerState_D3D11.h">
      <Filter>Render\Render_D3D11</Filter>
    </ClInclude>
    <ClInclude Include="TLRenderDeviceUsedDepthStencilState_D3D11.h">
      <Filter>Render\Render_D3D11</Filter>
    </ClInclude>
    <ClInclude Include="TLRenderDeviceUsedBlendState_D3D11.h">
      <Filter>Render\Render_D3D11</Filter>
    </ClInclude>
    <ClInclude Include="TLRenderDeviceUsedRasterizerState_D3D11.h">
      <Filter>Render\Render_D3D11</Filter>
    </ClInclude>
    <ClInclude Include="TLRenderDeviceUsedInputLayout_D3D11.h">
      <Filter>Render\Render_D3D11</Filter>
    </ClInclude>
    <ClInclude Include="TLRenderDef.h">
      <Filter>Render</Filter>
    </ClInclude>
    <ClInclude Include="TLRenderDeviceCompiledShader_D3D11.h">
      <Filter>Render\Render_D3D11</Filter>
    </ClInclude>
    <ClInclude Include="TLImage.h">
      <Filter>EngineCore</Filter>
    </ClInclude>
    <ClInclude Include="TLGlobalFunc.h">
      <Filter>Header Files</Filter>
    </ClInclude>
    <ClInclude Include="TLAABBox.h">
      <Filter>Math</Filter>
    </ClInclude>
    <ClInclude Include="TLConvexBody.h">
      <Filter>Math</Filter>
    </ClInclude>
    <ClInclude Include="TLDegree.h">
      <Filter>Math</Filter>
    </ClInclude>
    <ClInclude Include="TLDualQuaternion.h">
      <Filter>Math</Filter>
    </ClInclude>
    <ClInclude Include="TLFPU.h">
      <Filter>Math</Filter>
    </ClInclude>
    <ClInclude Include="TLLine.h">
      <Filter>Math</Filter>
    </ClInclude>
    <ClInclude Include="TLMathUtils.h">
      <Filter>Math</Filter>
    </ClInclude>
    <ClInclude Include="TLMatrix3x3.h">
      <Filter>Math</Filter>
    </ClInclude>
    <ClInclude Include="TLMatrix4x4.h">
      <Filter>Math</Filter>
    </ClInclude>
    <ClInclude Include="TLPlane.h">
      <Filter>Math</Filter>
    </ClInclude>
    <ClInclude Include="TLPlaneBoundedVolume.h">
      <Filter>Math</Filter>
    </ClInclude>
    <ClInclude Include="TLPolygon.h">
      <Filter>Math</Filter>
    </ClInclude>
    <ClInclude Include="TLQuaternion.h">
      <Filter>Math</Filter>
    </ClInclude>
    <ClInclude Include="TLRadian.h">
      <Filter>Math</Filter>
    </ClInclude>
    <ClInclude Include="TLRay.h">
      <Filter>Math</Filter>
    </ClInclude>
    <ClInclude Include="TLSimpleSpline.h">
      <Filter>Math</Filter>
    </ClInclude>
    <ClInclude Include="TLSphere.h">
      <Filter>Math</Filter>
    </ClInclude>
    <ClInclude Include="TLTestTriangle.h">
      <Filter>EngineCore</Filter>
    </ClInclude>
    <ClInclude Include="TLTriangle.h">
      <Filter>Math</Filter>
    </ClInclude>
    <ClInclude Include="TLVector2.h">
      <Filter>Math</Filter>
    </ClInclude>
    <ClInclude Include="TLVector3.h">
      <Filter>Math</Filter>
    </ClInclude>
    <ClInclude Include="TLVector4.h">
      <Filter>Math</Filter>
    </ClInclude>
    <ClInclude Include="TLRotationalSpline.h">
      <Filter>Math</Filter>
    </ClInclude>
    <ClInclude Include="TLLoopCtrl.h">
      <Filter>Common</Filter>
    </ClInclude>
    <ClInclude Include="TLAutoPtr.h">
      <Filter>Common</Filter>
    </ClInclude>
    <ClInclude Include="TLBinaryFileProcessor.h">
      <Filter>Common</Filter>
    </ClInclude>
    <ClInclude Include="TLColorValue.h">
      <Filter>Common</Filter>
    </ClInclude>
    <ClInclude Include="TLCommonTypeDef.h">
      <Filter>Common</Filter>
    </ClInclude>
    <ClInclude Include="TLConfigFile.h">
      <Filter>Common</Filter>
    </ClInclude>
    <ClInclude Include="TLDateTime.h">
      <Filter>Common</Filter>
    </ClInclude>
    <ClInclude Include="TLList.h">
      <Filter>Common</Filter>
    </ClInclude>
    <ClInclude Include="TLLock.h">
      <Filter>Common</Filter>
    </ClInclude>
    <ClInclude Include="TLLog.h">
      <Filter>Common</Filter>
    </ClInclude>
    <ClInclude Include="TLLuaBase.h">
      <Filter>Common</Filter>
    </ClInclude>
    <ClInclude Include="TLMemFile.h">
      <Filter>Common</Filter>
    </ClInclude>
    <ClInclude Include="TLMutex.h">
      <Filter>Common</Filter>
    </ClInclude>
    <ClInclude Include="TLSharedPtr.h">
      <Filter>Common</Filter>
    </ClInclude>
    <ClInclude Include="TLString.h">
      <Filter>Common</Filter>
    </ClInclude>
    <ClInclude Include="TLTimer.h">
      <Filter>Common</Filter>
    </ClInclude>
    <ClInclude Include="TLTxtFileReader.h">
      <Filter>Common</Filter>
    </ClInclude>
    <ClInclude Include="TLTxtFileWriter.h">
      <Filter>Common</Filter>
    </ClInclude>
    <ClInclude Include="TLZip.h">
      <Filter>Common</Filter>
    </ClInclude>
    <ClInclude Include="TLSingleton.h">
      <Filter>Common</Filter>
    </ClInclude>
    <ClInclude Include="TLResObject.h">
      <Filter>EngineCore</Filter>
    </ClInclude>
    <ClInclude Include="TLGUIListener.h">
      <Filter>GUI</Filter>
    </ClInclude>
    <ClInclude Include="TLRenderDevice.h">
      <Filter>Render</Filter>
    </ClInclude>
    <ClInclude Include="TLRenderDeviceCompiledShader.h">
      <Filter>Render</Filter>
    </ClInclude>
    <ClInclude Include="TLRenderDeviceUsed.h">
      <Filter>Render</Filter>
    </ClInclude>
    <ClInclude Include="TLRenderDeviceUsedBlendState.h">
      <Filter>Render</Filter>
    </ClInclude>
    <ClInclude Include="TLRenderDeviceUsedBuffer.h">
      <Filter>Render</Filter>
    </ClInclude>
    <ClInclude Include="TLRenderDeviceUsedCS.h">
      <Filter>Render</Filter>
    </ClInclude>
    <ClInclude Include="TLRenderDeviceUsedDepthStencilState.h">
      <Filter>Render</Filter>
    </ClInclude>
    <ClInclude Include="TLRenderDeviceUsedDS.h">
      <Filter>Render</Filter>
    </ClInclude>
    <ClInclude Include="TLRenderDeviceUsedDSV.h">
      <Filter>Render</Filter>
    </ClInclude>
    <ClInclude Include="TLRenderDeviceUsedGS.h">
      <Filter>Render</Filter>
    </ClInclude>
    <ClInclude Include="TLRenderDeviceUsedHS.h">
      <Filter>Render</Filter>
    </ClInclude>
    <ClInclude Include="TLRenderDeviceUsedInputLayout.h">
      <Filter>Render</Filter>
    </ClInclude>
    <ClInclude Include="TLRenderDeviceUsedPS.h">
      <Filter>Render</Filter>
    </ClInclude>
    <ClInclude Include="TLRenderDeviceUsedRasterizerState.h">
      <Filter>Render</Filter>
    </ClInclude>
    <ClInclude Include="TLRenderDeviceUsedResource.h">
      <Filter>Render</Filter>
    </ClInclude>
    <ClInclude Include="TLRenderDeviceUsedRTV.h">
      <Filter>Render</Filter>
    </ClInclude>
    <ClInclude Include="TLRenderDeviceUsedSamplerState.h">
      <Filter>Render</Filter>
    </ClInclude>
    <ClInclude Include="TLRenderDeviceUsedSRV.h">
      <Filter>Render</Filter>
    </ClInclude>
    <ClInclude Include="TLRenderDeviceUsedTex1D.h">
      <Filter>Render</Filter>
    </ClInclude>
    <ClInclude Include="TLRenderDeviceUsedTex2D.h">
      <Filter>Render</Filter>
    </ClInclude>
    <ClInclude Include="TLRenderDeviceUsedTex3D.h">
      <Filter>Render</Filter>
    </ClInclude>
    <ClInclude Include="TLRenderDeviceUsedUAV.h">
      <Filter>Render</Filter>
    </ClInclude>
    <ClInclude Include="TLRenderDeviceUsedView.h">
      <Filter>Render</Filter>
    </ClInclude>
    <ClInclude Include="TLRenderDeviceUsedVS.h">
      <Filter>Render</Filter>
    </ClInclude>
    <ClInclude Include="TLRenderDeviceUsedResource_D3D11.h">
      <Filter>Render\Render_D3D11</Filter>
    </ClInclude>
    <ClInclude Include="TLRenderDeviceUsedView_D3D11.h">
      <Filter>Render\Render_D3D11</Filter>
    </ClInclude>
    <ClInclude Include="TLConfigDef.h">
      <Filter>Common</Filter>
    </ClInclude>
    <ClInclude Include="TLMap.h">
      <Filter>Common</Filter>
    </ClInclude>
    <ClInclude Include="TLCommonFunc.h">
      <Filter>Common</Filter>
    </ClInclude>
    <ClInclude Include="TLPair.h">
      <Filter>Common</Filter>
    </ClInclude>
    <ClInclude Include="TLConsole.h">
      <Filter>Common</Filter>
    </ClInclude>
    <ClInclude Include="TLConsoleInput.h">
      <Filter>Common</Filter>
    </ClInclude>
    <ClInclude Include="TLConsoleOutput.h">
      <Filter>Common</Filter>
    </ClInclude>
    <ClInclude Include="TLUTF8FileReader.h">
      <Filter>Common</Filter>
    </ClInclude>
    <ClInclude Include="TLUTF8FileWriter.h">
      <Filter>Common</Filter>
    </ClInclude>
  </ItemGroup>
  <ItemGroup>
    <None Include="ReadMe.txt" />
  </ItemGroup>
</Project>